// !$*UTF8*$!
{
	archiveVersion = 1;
	classes = {
	};
	objectVersion = 50;
	objects = {

/* Begin PBXBuildFile section */
		2201C02B20DDB8BD003BF608 /* ItemMenuView.swift in Sources */ = {isa = PBXBuildFile; fileRef = 2201C02920DDB8BD003BF608 /* ItemMenuView.swift */; };
		2201C03820E12AA5003BF608 /* CustomCollectionView.storyboard in Resources */ = {isa = PBXBuildFile; fileRef = 2201C03720E12AA5003BF608 /* CustomCollectionView.storyboard */; };
		2201C04220E1556A003BF608 /* AboutViewController.storyboard in Resources */ = {isa = PBXBuildFile; fileRef = 2201C04020E1556A003BF608 /* AboutViewController.storyboard */; };
		2201C04420E2B9A8003BF608 /* SuggestionViewController.swift in Sources */ = {isa = PBXBuildFile; fileRef = 2201C04320E2B9A8003BF608 /* SuggestionViewController.swift */; };
		2201C04720E2DA30003BF608 /* SuggestionView.storyboard in Resources */ = {isa = PBXBuildFile; fileRef = 2201C04520E2DA30003BF608 /* SuggestionView.storyboard */; };
		2201C04920E3D6A9003BF608 /* TechRequestViewController.swift in Sources */ = {isa = PBXBuildFile; fileRef = 2201C04820E3D6A9003BF608 /* TechRequestViewController.swift */; };
		2201C04B20E52213003BF608 /* BillRequestViewController.swift in Sources */ = {isa = PBXBuildFile; fileRef = 2201C04A20E52213003BF608 /* BillRequestViewController.swift */; };
		2201C04E20E52F12003BF608 /* CustomTableViewCell3.swift in Sources */ = {isa = PBXBuildFile; fileRef = 2201C04C20E52F12003BF608 /* CustomTableViewCell3.swift */; };
		2201C04F20E52F12003BF608 /* CustomTableViewCell3.xib in Resources */ = {isa = PBXBuildFile; fileRef = 2201C04D20E52F12003BF608 /* CustomTableViewCell3.xib */; };
		2201C05320E58734003BF608 /* CustomPinMap.swift in Sources */ = {isa = PBXBuildFile; fileRef = 2201C05220E58734003BF608 /* CustomPinMap.swift */; };
		2201C06520E6D130003BF608 /* CellData.swift in Sources */ = {isa = PBXBuildFile; fileRef = 2201C06420E6D130003BF608 /* CellData.swift */; };
		2201C07120E6E8CC003BF608 /* PopUpCustomViewController.swift in Sources */ = {isa = PBXBuildFile; fileRef = 2201C07020E6E8CC003BF608 /* PopUpCustomViewController.swift */; };
		2201C07420E6EBA6003BF608 /* PopupCustom.storyboard in Resources */ = {isa = PBXBuildFile; fileRef = 2201C07220E6EBA6003BF608 /* PopupCustom.storyboard */; };
		2201C07620EAB101003BF608 /* DetailOneViewController.swift in Sources */ = {isa = PBXBuildFile; fileRef = 2201C07520EAB101003BF608 /* DetailOneViewController.swift */; };
		2201C07820EAB117003BF608 /* DetailTwoViewController.swift in Sources */ = {isa = PBXBuildFile; fileRef = 2201C07720EAB117003BF608 /* DetailTwoViewController.swift */; };
		2201C07A20EAB127003BF608 /* DetailThreeViewController.swift in Sources */ = {isa = PBXBuildFile; fileRef = 2201C07920EAB127003BF608 /* DetailThreeViewController.swift */; };
		2201C07C20EAB137003BF608 /* DetailFourViewController.swift in Sources */ = {isa = PBXBuildFile; fileRef = 2201C07B20EAB137003BF608 /* DetailFourViewController.swift */; };
		2201C07F20EAB955003BF608 /* CustomTableViewCell4.swift in Sources */ = {isa = PBXBuildFile; fileRef = 2201C07D20EAB955003BF608 /* CustomTableViewCell4.swift */; };
		2201C08020EAB955003BF608 /* CustomTableViewCell4.xib in Resources */ = {isa = PBXBuildFile; fileRef = 2201C07E20EAB955003BF608 /* CustomTableViewCell4.xib */; };
		2201C08220EADA09003BF608 /* DetailsTabBarViewController.swift in Sources */ = {isa = PBXBuildFile; fileRef = 2201C08120EADA09003BF608 /* DetailsTabBarViewController.swift */; };
		22112FB720ED596600689974 /* StatusProcessViewController.swift in Sources */ = {isa = PBXBuildFile; fileRef = 22112FB620ED596600689974 /* StatusProcessViewController.swift */; };
		22112FB920ED6DD000689974 /* OptionsProcessViewController.swift in Sources */ = {isa = PBXBuildFile; fileRef = 22112FB820ED6DD000689974 /* OptionsProcessViewController.swift */; };
		22112FBB20ED78FF00689974 /* NewContractViewController.swift in Sources */ = {isa = PBXBuildFile; fileRef = 22112FBA20ED78FF00689974 /* NewContractViewController.swift */; };
		221CC56220BC481000CFC265 /* InitController.swift in Sources */ = {isa = PBXBuildFile; fileRef = 221CC56120BC481000CFC265 /* InitController.swift */; };
		224419C620CB183D008D90C4 /* Assets.xcassets in Resources */ = {isa = PBXBuildFile; fileRef = 224419BF20CB183D008D90C4 /* Assets.xcassets */; };
		224419F120CDF9CE008D90C4 /* MainTabViewController.swift in Sources */ = {isa = PBXBuildFile; fileRef = 224419F020CDF9CE008D90C4 /* MainTabViewController.swift */; };
		224419F820CE063D008D90C4 /* BarThreeViewController.swift in Sources */ = {isa = PBXBuildFile; fileRef = 224419F720CE063D008D90C4 /* BarThreeViewController.swift */; };
		224419FA20CE0653008D90C4 /* BarFourViewController.swift in Sources */ = {isa = PBXBuildFile; fileRef = 224419F920CE0653008D90C4 /* BarFourViewController.swift */; };
		224419FC20CE0672008D90C4 /* BarFiveViewController.swift in Sources */ = {isa = PBXBuildFile; fileRef = 224419FB20CE0672008D90C4 /* BarFiveViewController.swift */; };
		22441A0420CF1879008D90C4 /* CustomTableViewCell2.swift in Sources */ = {isa = PBXBuildFile; fileRef = 22441A0220CF1879008D90C4 /* CustomTableViewCell2.swift */; };
		22441A0520CF1879008D90C4 /* CustomTableViewCell2.xib in Resources */ = {isa = PBXBuildFile; fileRef = 22441A0320CF1879008D90C4 /* CustomTableViewCell2.xib */; };
		22441A0720D80DF5008D90C4 /* PageUrlViewController.swift in Sources */ = {isa = PBXBuildFile; fileRef = 22441A0620D80DF5008D90C4 /* PageUrlViewController.swift */; };
		225772F820B3C841006CFB3B /* CustomCollectionViewCell.swift in Sources */ = {isa = PBXBuildFile; fileRef = 225772F720B3C841006CFB3B /* CustomCollectionViewCell.swift */; };
		225772FA20B3C8BB006CFB3B /* FirstOptionViewController.swift in Sources */ = {isa = PBXBuildFile; fileRef = 225772F920B3C8BB006CFB3B /* FirstOptionViewController.swift */; };
		226FF0952152BDF300498696 /* Charts.framework in Frameworks */ = {isa = PBXBuildFile; fileRef = 226FF0912152BDBA00498696 /* Charts.framework */; };
		226FF0962152BDF300498696 /* Charts.framework in Embed Frameworks */ = {isa = PBXBuildFile; fileRef = 226FF0912152BDBA00498696 /* Charts.framework */; settings = {ATTRIBUTES = (CodeSignOnCopy, RemoveHeadersOnCopy, ); }; };
		226FF0B12152BE1400498696 /* SQLite.framework in Frameworks */ = {isa = PBXBuildFile; fileRef = 226FF0A42152BE0900498696 /* SQLite.framework */; };
		226FF0F32152CDB700498696 /* SQLite.framework in Embed Frameworks */ = {isa = PBXBuildFile; fileRef = 226FF0A42152BE0900498696 /* SQLite.framework */; settings = {ATTRIBUTES = (CodeSignOnCopy, RemoveHeadersOnCopy, ); }; };
		226FF0FA2152CDDB00498696 /* Alamofire.framework in Frameworks */ = {isa = PBXBuildFile; fileRef = 226FF0E42152BEC000498696 /* Alamofire.framework */; };
		226FF0FB2152CDDB00498696 /* Alamofire.framework in Embed Frameworks */ = {isa = PBXBuildFile; fileRef = 226FF0E42152BEC000498696 /* Alamofire.framework */; settings = {ATTRIBUTES = (CodeSignOnCopy, RemoveHeadersOnCopy, ); }; };
		226FF0FE2152CDF400498696 /* CryptoSwift.framework in Frameworks */ = {isa = PBXBuildFile; fileRef = 226FF0CE2152BE6600498696 /* CryptoSwift.framework */; };
		226FF0FF2152CDF400498696 /* CryptoSwift.framework in Embed Frameworks */ = {isa = PBXBuildFile; fileRef = 226FF0CE2152BE6600498696 /* CryptoSwift.framework */; settings = {ATTRIBUTES = (CodeSignOnCopy, RemoveHeadersOnCopy, ); }; };
		226FF1062152CE2900498696 /* Zip.framework in Frameworks */ = {isa = PBXBuildFile; fileRef = 226FF0BB2152BE3E00498696 /* Zip.framework */; };
		226FF1072152CE2900498696 /* Zip.framework in Embed Frameworks */ = {isa = PBXBuildFile; fileRef = 226FF0BB2152BE3E00498696 /* Zip.framework */; settings = {ATTRIBUTES = (CodeSignOnCopy, RemoveHeadersOnCopy, ); }; };
		226FF1122155440C00498696 /* GoogleService-Info.plist in Resources */ = {isa = PBXBuildFile; fileRef = 226FF1112155440C00498696 /* GoogleService-Info.plist */; };
		226FF1F1215AC0C600498696 /* BarTwoViewController.swift in Sources */ = {isa = PBXBuildFile; fileRef = 226FF1F0215AC0C500498696 /* BarTwoViewController.swift */; };
		227D7ECE20DD5D60003E11BB /* AboutViewController.swift in Sources */ = {isa = PBXBuildFile; fileRef = 227D7ECD20DD5D60003E11BB /* AboutViewController.swift */; };
		228804CE20C8462100C94AAC /* WService.swift in Sources */ = {isa = PBXBuildFile; fileRef = 228804CD20C8462100C94AAC /* WService.swift */; };
		228804D020C84CDB00C94AAC /* DBase.swift in Sources */ = {isa = PBXBuildFile; fileRef = 228804CF20C84CDB00C94AAC /* DBase.swift */; };
		228804DE20C8636D00C94AAC /* Crypt.swift in Sources */ = {isa = PBXBuildFile; fileRef = 228804DD20C8636D00C94AAC /* Crypt.swift */; };
		228804E420C9D4C500C94AAC /* ThirdViewController.swift in Sources */ = {isa = PBXBuildFile; fileRef = 228804E320C9D4C500C94AAC /* ThirdViewController.swift */; };
		228804E820C9E4F600C94AAC /* PinMap.swift in Sources */ = {isa = PBXBuildFile; fileRef = 228804E720C9E4F600C94AAC /* PinMap.swift */; };
		2293BEFC21407BF2002D13B9 /* customTableTableViewCell5.swift in Sources */ = {isa = PBXBuildFile; fileRef = 2293BEFA21407BF2002D13B9 /* customTableTableViewCell5.swift */; };
		2293BEFD21407BF2002D13B9 /* customTableTableViewCell5.xib in Resources */ = {isa = PBXBuildFile; fileRef = 2293BEFB21407BF2002D13B9 /* customTableTableViewCell5.xib */; };
		229D62D320F4F55500B0DE7C /* CustomMap2ViewController.swift in Sources */ = {isa = PBXBuildFile; fileRef = 229D62D220F4F55500B0DE7C /* CustomMap2ViewController.swift */; };
		22A9E67520B0F00C0092E555 /* AppDelegate.swift in Sources */ = {isa = PBXBuildFile; fileRef = 22A9E67420B0F00C0092E555 /* AppDelegate.swift */; };
		22A9E67720B0F00C0092E555 /* ViewController.swift in Sources */ = {isa = PBXBuildFile; fileRef = 22A9E67620B0F00C0092E555 /* ViewController.swift */; };
		22A9E67A20B0F00C0092E555 /* Main.storyboard in Resources */ = {isa = PBXBuildFile; fileRef = 22A9E67820B0F00C0092E555 /* Main.storyboard */; };
		22A9E67F20B0F00E0092E555 /* LaunchScreen.storyboard in Resources */ = {isa = PBXBuildFile; fileRef = 22A9E67D20B0F00E0092E555 /* LaunchScreen.storyboard */; };
		22A9E68A20B0F00E0092E555 /* com_alturaTests.swift in Sources */ = {isa = PBXBuildFile; fileRef = 22A9E68920B0F00E0092E555 /* com_alturaTests.swift */; };
		22A9E69520B0F00E0092E555 /* com_alturaUITests.swift in Sources */ = {isa = PBXBuildFile; fileRef = 22A9E69420B0F00E0092E555 /* com_alturaUITests.swift */; };
		22A9E6C820B0FB450092E555 /* RegisterController.swift in Sources */ = {isa = PBXBuildFile; fileRef = 22A9E6C720B0FB450092E555 /* RegisterController.swift */; };
		22A9E6CA20B0FB580092E555 /* RegisterSecondController.swift in Sources */ = {isa = PBXBuildFile; fileRef = 22A9E6C920B0FB580092E555 /* RegisterSecondController.swift */; };
		22AFA5AE2108E82000E08444 /* structures.swift in Sources */ = {isa = PBXBuildFile; fileRef = 22AFA5AD2108E82000E08444 /* structures.swift */; };
		22AFA5B5210A1BE800E08444 /* Utils.swift in Sources */ = {isa = PBXBuildFile; fileRef = 22AFA5B4210A1BE700E08444 /* Utils.swift */; };
		22C7C42421502F48000EF8D8 /* ChatViewController.swift in Sources */ = {isa = PBXBuildFile; fileRef = 22C7C42321502F48000EF8D8 /* ChatViewController.swift */; };
		22D5623D20F688D00098526C /* CustomWebViewController.swift in Sources */ = {isa = PBXBuildFile; fileRef = 22D5623C20F688D00098526C /* CustomWebViewController.swift */; };
		22D5623F20F6A1F50098526C /* ContactViewController.swift in Sources */ = {isa = PBXBuildFile; fileRef = 22D5623E20F6A1F50098526C /* ContactViewController.swift */; };
		5EF056901505C05C1527C860 /* Pods_com_alturaTests.framework in Frameworks */ = {isa = PBXBuildFile; fileRef = 85B77D2A983B7EB3722B6C75 /* Pods_com_alturaTests.framework */; };
		72D6D649C46A625E28045B45 /* Pods_com_altura.framework in Frameworks */ = {isa = PBXBuildFile; fileRef = 49D8CF8497BA5848B306ADFE /* Pods_com_altura.framework */; };
		E6C92C57428F74EDA1D67343 /* Pods_com_alturaUITests.framework in Frameworks */ = {isa = PBXBuildFile; fileRef = 752FB69FB3E189C6F9503C79 /* Pods_com_alturaUITests.framework */; };
/* End PBXBuildFile section */

/* Begin PBXContainerItemProxy section */
		226FF0902152BDBA00498696 /* PBXContainerItemProxy */ = {
			isa = PBXContainerItemProxy;
			containerPortal = 226FF08B2152BDBA00498696 /* Charts.xcodeproj */;
			proxyType = 2;
			remoteGlobalIDString = 65AD9E95D9ED4DC0BD73A743;
			remoteInfo = Charts;
		};
		226FF0922152BDBA00498696 /* PBXContainerItemProxy */ = {
			isa = PBXContainerItemProxy;
			containerPortal = 226FF08B2152BDBA00498696 /* Charts.xcodeproj */;
			proxyType = 2;
			remoteGlobalIDString = 1CBBC58C6CE1EBEE9852CE41;
			remoteInfo = ChartsTests;
		};
		226FF0972152BDF300498696 /* PBXContainerItemProxy */ = {
			isa = PBXContainerItemProxy;
			containerPortal = 226FF08B2152BDBA00498696 /* Charts.xcodeproj */;
			proxyType = 1;
			remoteGlobalIDString = A58A4ED274A941CA248EA921;
			remoteInfo = Charts;
		};
		226FF0A32152BE0900498696 /* PBXContainerItemProxy */ = {
			isa = PBXContainerItemProxy;
			containerPortal = 226FF0992152BE0900498696 /* SQLite.xcodeproj */;
			proxyType = 2;
			remoteGlobalIDString = EE247AD31C3F04ED00AE3E12;
			remoteInfo = "SQLite iOS";
		};
		226FF0A52152BE0900498696 /* PBXContainerItemProxy */ = {
			isa = PBXContainerItemProxy;
			containerPortal = 226FF0992152BE0900498696 /* SQLite.xcodeproj */;
			proxyType = 2;
			remoteGlobalIDString = EE247ADD1C3F04ED00AE3E12;
			remoteInfo = "SQLiteTests iOS";
		};
		226FF0A72152BE0900498696 /* PBXContainerItemProxy */ = {
			isa = PBXContainerItemProxy;
			containerPortal = 226FF0992152BE0900498696 /* SQLite.xcodeproj */;
			proxyType = 2;
			remoteGlobalIDString = EE247B3C1C3F3ED000AE3E12;
			remoteInfo = "SQLite Mac";
		};
		226FF0A92152BE0900498696 /* PBXContainerItemProxy */ = {
			isa = PBXContainerItemProxy;
			containerPortal = 226FF0992152BE0900498696 /* SQLite.xcodeproj */;
			proxyType = 2;
			remoteGlobalIDString = EE247B451C3F3ED000AE3E12;
			remoteInfo = "SQLiteTests Mac";
		};
		226FF0AB2152BE0900498696 /* PBXContainerItemProxy */ = {
			isa = PBXContainerItemProxy;
			containerPortal = 226FF0992152BE0900498696 /* SQLite.xcodeproj */;
			proxyType = 2;
			remoteGlobalIDString = 03A65E5A1C6BB0F50062603F;
			remoteInfo = "SQLite tvOS";
		};
		226FF0AD2152BE0900498696 /* PBXContainerItemProxy */ = {
			isa = PBXContainerItemProxy;
			containerPortal = 226FF0992152BE0900498696 /* SQLite.xcodeproj */;
			proxyType = 2;
			remoteGlobalIDString = 03A65E631C6BB0F60062603F;
			remoteInfo = "SQLiteTests tvOS";
		};
		226FF0AF2152BE0900498696 /* PBXContainerItemProxy */ = {
			isa = PBXContainerItemProxy;
			containerPortal = 226FF0992152BE0900498696 /* SQLite.xcodeproj */;
			proxyType = 2;
			remoteGlobalIDString = A121AC451CA35C79005A31D1;
			remoteInfo = "SQLite watchOS";
		};
		226FF0BA2152BE3E00498696 /* PBXContainerItemProxy */ = {
			isa = PBXContainerItemProxy;
			containerPortal = 226FF0B22152BE3D00498696 /* Zip.xcodeproj */;
			proxyType = 2;
			remoteGlobalIDString = 347E3A741C1DFFB500A11FD3;
			remoteInfo = Zip;
		};
		226FF0BC2152BE3E00498696 /* PBXContainerItemProxy */ = {
			isa = PBXContainerItemProxy;
			containerPortal = 226FF0B22152BE3D00498696 /* Zip.xcodeproj */;
			proxyType = 2;
			remoteGlobalIDString = 347E3A7E1C1DFFB500A11FD3;
			remoteInfo = ZipTests;
		};
		226FF0BE2152BE3E00498696 /* PBXContainerItemProxy */ = {
			isa = PBXContainerItemProxy;
			containerPortal = 226FF0B22152BE3D00498696 /* Zip.xcodeproj */;
			proxyType = 2;
			remoteGlobalIDString = 343F50FF1C8DAEEC0028C434;
			remoteInfo = "Zip OSX";
		};
		226FF0C02152BE3E00498696 /* PBXContainerItemProxy */ = {
			isa = PBXContainerItemProxy;
			containerPortal = 226FF0B22152BE3D00498696 /* Zip.xcodeproj */;
			proxyType = 2;
			remoteGlobalIDString = 343F51081C8DAEEC0028C434;
			remoteInfo = "Zip OSXTests";
		};
		226FF0C22152BE3E00498696 /* PBXContainerItemProxy */ = {
			isa = PBXContainerItemProxy;
			containerPortal = 226FF0B22152BE3D00498696 /* Zip.xcodeproj */;
			proxyType = 2;
			remoteGlobalIDString = 342545B51CE525B200336074;
			remoteInfo = "Zip tvOS";
		};
		226FF0CD2152BE6600498696 /* PBXContainerItemProxy */ = {
			isa = PBXContainerItemProxy;
			containerPortal = 226FF0C52152BE6600498696 /* CryptoSwift.xcodeproj */;
			proxyType = 2;
			remoteGlobalIDString = 754BE45519693E190098E6F3;
			remoteInfo = CryptoSwift;
		};
		226FF0CF2152BE6600498696 /* PBXContainerItemProxy */ = {
			isa = PBXContainerItemProxy;
			containerPortal = 226FF0C52152BE6600498696 /* CryptoSwift.xcodeproj */;
			proxyType = 2;
			remoteGlobalIDString = 75211F92207249D8004E41F8;
			remoteInfo = "CryptoSwift-TestHostApp";
		};
		226FF0D12152BE6600498696 /* PBXContainerItemProxy */ = {
			isa = PBXContainerItemProxy;
			containerPortal = 226FF0C52152BE6600498696 /* CryptoSwift.xcodeproj */;
			proxyType = 2;
			remoteGlobalIDString = 754BE46019693E190098E6F3;
			remoteInfo = Tests;
		};
		226FF0D32152BE6600498696 /* PBXContainerItemProxy */ = {
			isa = PBXContainerItemProxy;
			containerPortal = 226FF0C52152BE6600498696 /* CryptoSwift.xcodeproj */;
			proxyType = 2;
			remoteGlobalIDString = 7595C14A2072E48C00EA1A5F;
			remoteInfo = "TestsPerformance-Mac";
		};
		226FF0D52152BE6600498696 /* PBXContainerItemProxy */ = {
			isa = PBXContainerItemProxy;
			containerPortal = 226FF0C52152BE6600498696 /* CryptoSwift.xcodeproj */;
			proxyType = 2;
			remoteGlobalIDString = 7564F0602072EAEB00CA5A96;
			remoteInfo = "TestsPerformance-iOS";
		};
		226FF0E32152BEC000498696 /* PBXContainerItemProxy */ = {
			isa = PBXContainerItemProxy;
			containerPortal = 226FF0D82152BEC000498696 /* Alamofire.xcodeproj */;
			proxyType = 2;
			remoteGlobalIDString = F8111E3319A95C8B0040E7D1;
			remoteInfo = "Alamofire iOS";
		};
		226FF0E52152BEC000498696 /* PBXContainerItemProxy */ = {
			isa = PBXContainerItemProxy;
			containerPortal = 226FF0D82152BEC000498696 /* Alamofire.xcodeproj */;
			proxyType = 2;
			remoteGlobalIDString = F8111E3E19A95C8B0040E7D1;
			remoteInfo = "Alamofire iOS Tests";
		};
		226FF0E72152BEC000498696 /* PBXContainerItemProxy */ = {
			isa = PBXContainerItemProxy;
			containerPortal = 226FF0D82152BEC000498696 /* Alamofire.xcodeproj */;
			proxyType = 2;
			remoteGlobalIDString = 4DD67C0B1A5C55C900ED2280;
			remoteInfo = "Alamofire macOS";
		};
		226FF0E92152BEC000498696 /* PBXContainerItemProxy */ = {
			isa = PBXContainerItemProxy;
			containerPortal = 226FF0D82152BEC000498696 /* Alamofire.xcodeproj */;
			proxyType = 2;
			remoteGlobalIDString = F829C6B21A7A94F100A2CD59;
			remoteInfo = "Alamofire macOS Tests";
		};
		226FF0EB2152BEC000498696 /* PBXContainerItemProxy */ = {
			isa = PBXContainerItemProxy;
			containerPortal = 226FF0D82152BEC000498696 /* Alamofire.xcodeproj */;
			proxyType = 2;
			remoteGlobalIDString = 4CF626EF1BA7CB3E0011A099;
			remoteInfo = "Alamofire tvOS";
		};
		226FF0ED2152BEC000498696 /* PBXContainerItemProxy */ = {
			isa = PBXContainerItemProxy;
			containerPortal = 226FF0D82152BEC000498696 /* Alamofire.xcodeproj */;
			proxyType = 2;
			remoteGlobalIDString = 4CF626F81BA7CB3E0011A099;
			remoteInfo = "Alamofire tvOS Tests";
		};
		226FF0EF2152BEC000498696 /* PBXContainerItemProxy */ = {
			isa = PBXContainerItemProxy;
			containerPortal = 226FF0D82152BEC000498696 /* Alamofire.xcodeproj */;
			proxyType = 2;
			remoteGlobalIDString = E4202FE01B667AA100C997FB;
			remoteInfo = "Alamofire watchOS";
		};
		226FF0F42152CDB700498696 /* PBXContainerItemProxy */ = {
			isa = PBXContainerItemProxy;
			containerPortal = 226FF0992152BE0900498696 /* SQLite.xcodeproj */;
			proxyType = 1;
			remoteGlobalIDString = EE247AD21C3F04ED00AE3E12;
			remoteInfo = "SQLite iOS";
		};
		226FF0FC2152CDDB00498696 /* PBXContainerItemProxy */ = {
			isa = PBXContainerItemProxy;
			containerPortal = 226FF0D82152BEC000498696 /* Alamofire.xcodeproj */;
			proxyType = 1;
			remoteGlobalIDString = F8111E3219A95C8B0040E7D1;
			remoteInfo = "Alamofire iOS";
		};
		226FF1002152CDF400498696 /* PBXContainerItemProxy */ = {
			isa = PBXContainerItemProxy;
			containerPortal = 226FF0C52152BE6600498696 /* CryptoSwift.xcodeproj */;
			proxyType = 1;
			remoteGlobalIDString = 754BE45419693E190098E6F3;
			remoteInfo = CryptoSwift;
		};
		226FF1082152CE2900498696 /* PBXContainerItemProxy */ = {
			isa = PBXContainerItemProxy;
			containerPortal = 226FF0B22152BE3D00498696 /* Zip.xcodeproj */;
			proxyType = 1;
			remoteGlobalIDString = 347E3A731C1DFFB500A11FD3;
			remoteInfo = Zip;
		};
		22A9E68620B0F00E0092E555 /* PBXContainerItemProxy */ = {
			isa = PBXContainerItemProxy;
			containerPortal = 22A9E66920B0F00C0092E555 /* Project object */;
			proxyType = 1;
			remoteGlobalIDString = 22A9E67020B0F00C0092E555;
			remoteInfo = com.altura;
		};
		22A9E69120B0F00E0092E555 /* PBXContainerItemProxy */ = {
			isa = PBXContainerItemProxy;
			containerPortal = 22A9E66920B0F00C0092E555 /* Project object */;
			proxyType = 1;
			remoteGlobalIDString = 22A9E67020B0F00C0092E555;
			remoteInfo = com.altura;
		};
/* End PBXContainerItemProxy section */

/* Begin PBXCopyFilesBuildPhase section */
		22A9E6BF20B0F1710092E555 /* Embed Frameworks */ = {
			isa = PBXCopyFilesBuildPhase;
			buildActionMask = 2147483647;
			dstPath = "";
			dstSubfolderSpec = 10;
			files = (
				226FF0F32152CDB700498696 /* SQLite.framework in Embed Frameworks */,
				226FF0FB2152CDDB00498696 /* Alamofire.framework in Embed Frameworks */,
				226FF0962152BDF300498696 /* Charts.framework in Embed Frameworks */,
				226FF0FF2152CDF400498696 /* CryptoSwift.framework in Embed Frameworks */,
				226FF1072152CE2900498696 /* Zip.framework in Embed Frameworks */,
			);
			name = "Embed Frameworks";
			runOnlyForDeploymentPostprocessing = 0;
		};
/* End PBXCopyFilesBuildPhase section */

/* Begin PBXFileReference section */
		2201C02920DDB8BD003BF608 /* ItemMenuView.swift */ = {isa = PBXFileReference; lastKnownFileType = sourcecode.swift; path = ItemMenuView.swift; sourceTree = "<group>"; };
		2201C03720E12AA5003BF608 /* CustomCollectionView.storyboard */ = {isa = PBXFileReference; fileEncoding = 4; lastKnownFileType = file.storyboard; path = CustomCollectionView.storyboard; sourceTree = "<group>"; };
		2201C04120E1556A003BF608 /* Base */ = {isa = PBXFileReference; lastKnownFileType = file.storyboard; name = Base; path = com.altura/Base.lproj/AboutViewController.storyboard; sourceTree = "<group>"; };
		2201C04320E2B9A8003BF608 /* SuggestionViewController.swift */ = {isa = PBXFileReference; lastKnownFileType = sourcecode.swift; path = SuggestionViewController.swift; sourceTree = "<group>"; };
		2201C04620E2DA30003BF608 /* Base */ = {isa = PBXFileReference; lastKnownFileType = file.storyboard; name = Base; path = com.altura/Base.lproj/SuggestionView.storyboard; sourceTree = "<group>"; };
		2201C04820E3D6A9003BF608 /* TechRequestViewController.swift */ = {isa = PBXFileReference; lastKnownFileType = sourcecode.swift; path = TechRequestViewController.swift; sourceTree = "<group>"; };
		2201C04A20E52213003BF608 /* BillRequestViewController.swift */ = {isa = PBXFileReference; lastKnownFileType = sourcecode.swift; path = BillRequestViewController.swift; sourceTree = "<group>"; };
		2201C04C20E52F12003BF608 /* CustomTableViewCell3.swift */ = {isa = PBXFileReference; lastKnownFileType = sourcecode.swift; path = CustomTableViewCell3.swift; sourceTree = "<group>"; };
		2201C04D20E52F12003BF608 /* CustomTableViewCell3.xib */ = {isa = PBXFileReference; lastKnownFileType = file.xib; path = CustomTableViewCell3.xib; sourceTree = "<group>"; };
		2201C05220E58734003BF608 /* CustomPinMap.swift */ = {isa = PBXFileReference; lastKnownFileType = sourcecode.swift; path = CustomPinMap.swift; sourceTree = "<group>"; };
		2201C06420E6D130003BF608 /* CellData.swift */ = {isa = PBXFileReference; lastKnownFileType = sourcecode.swift; path = CellData.swift; sourceTree = "<group>"; };
		2201C07020E6E8CC003BF608 /* PopUpCustomViewController.swift */ = {isa = PBXFileReference; lastKnownFileType = sourcecode.swift; path = PopUpCustomViewController.swift; sourceTree = "<group>"; };
		2201C07320E6EBA6003BF608 /* Base */ = {isa = PBXFileReference; lastKnownFileType = file.storyboard; name = Base; path = com.altura/Base.lproj/PopupCustom.storyboard; sourceTree = "<group>"; };
		2201C07520EAB101003BF608 /* DetailOneViewController.swift */ = {isa = PBXFileReference; lastKnownFileType = sourcecode.swift; path = DetailOneViewController.swift; sourceTree = "<group>"; };
		2201C07720EAB117003BF608 /* DetailTwoViewController.swift */ = {isa = PBXFileReference; lastKnownFileType = sourcecode.swift; path = DetailTwoViewController.swift; sourceTree = "<group>"; };
		2201C07920EAB127003BF608 /* DetailThreeViewController.swift */ = {isa = PBXFileReference; lastKnownFileType = sourcecode.swift; path = DetailThreeViewController.swift; sourceTree = "<group>"; };
		2201C07B20EAB137003BF608 /* DetailFourViewController.swift */ = {isa = PBXFileReference; lastKnownFileType = sourcecode.swift; path = DetailFourViewController.swift; sourceTree = "<group>"; };
		2201C07D20EAB955003BF608 /* CustomTableViewCell4.swift */ = {isa = PBXFileReference; lastKnownFileType = sourcecode.swift; path = CustomTableViewCell4.swift; sourceTree = "<group>"; };
		2201C07E20EAB955003BF608 /* CustomTableViewCell4.xib */ = {isa = PBXFileReference; lastKnownFileType = file.xib; path = CustomTableViewCell4.xib; sourceTree = "<group>"; };
		2201C08120EADA09003BF608 /* DetailsTabBarViewController.swift */ = {isa = PBXFileReference; lastKnownFileType = sourcecode.swift; path = DetailsTabBarViewController.swift; sourceTree = "<group>"; };
		22112FB620ED596600689974 /* StatusProcessViewController.swift */ = {isa = PBXFileReference; lastKnownFileType = sourcecode.swift; path = StatusProcessViewController.swift; sourceTree = "<group>"; };
		22112FB820ED6DD000689974 /* OptionsProcessViewController.swift */ = {isa = PBXFileReference; lastKnownFileType = sourcecode.swift; path = OptionsProcessViewController.swift; sourceTree = "<group>"; };
		22112FBA20ED78FF00689974 /* NewContractViewController.swift */ = {isa = PBXFileReference; lastKnownFileType = sourcecode.swift; path = NewContractViewController.swift; sourceTree = "<group>"; };
		221CC56120BC481000CFC265 /* InitController.swift */ = {isa = PBXFileReference; lastKnownFileType = sourcecode.swift; path = InitController.swift; sourceTree = "<group>"; };
		224419BF20CB183D008D90C4 /* Assets.xcassets */ = {isa = PBXFileReference; lastKnownFileType = folder.assetcatalog; path = Assets.xcassets; sourceTree = "<group>"; };
		224419F020CDF9CE008D90C4 /* MainTabViewController.swift */ = {isa = PBXFileReference; lastKnownFileType = sourcecode.swift; path = MainTabViewController.swift; sourceTree = "<group>"; };
		224419F720CE063D008D90C4 /* BarThreeViewController.swift */ = {isa = PBXFileReference; lastKnownFileType = sourcecode.swift; path = BarThreeViewController.swift; sourceTree = "<group>"; };
		224419F920CE0653008D90C4 /* BarFourViewController.swift */ = {isa = PBXFileReference; lastKnownFileType = sourcecode.swift; path = BarFourViewController.swift; sourceTree = "<group>"; };
		224419FB20CE0672008D90C4 /* BarFiveViewController.swift */ = {isa = PBXFileReference; lastKnownFileType = sourcecode.swift; path = BarFiveViewController.swift; sourceTree = "<group>"; };
		22441A0220CF1879008D90C4 /* CustomTableViewCell2.swift */ = {isa = PBXFileReference; lastKnownFileType = sourcecode.swift; path = CustomTableViewCell2.swift; sourceTree = "<group>"; };
		22441A0320CF1879008D90C4 /* CustomTableViewCell2.xib */ = {isa = PBXFileReference; lastKnownFileType = file.xib; path = CustomTableViewCell2.xib; sourceTree = "<group>"; };
		22441A0620D80DF5008D90C4 /* PageUrlViewController.swift */ = {isa = PBXFileReference; lastKnownFileType = sourcecode.swift; path = PageUrlViewController.swift; sourceTree = "<group>"; };
		225772F720B3C841006CFB3B /* CustomCollectionViewCell.swift */ = {isa = PBXFileReference; lastKnownFileType = sourcecode.swift; path = CustomCollectionViewCell.swift; sourceTree = "<group>"; };
		225772F920B3C8BB006CFB3B /* FirstOptionViewController.swift */ = {isa = PBXFileReference; lastKnownFileType = sourcecode.swift; path = FirstOptionViewController.swift; sourceTree = "<group>"; };
		226FF08A2152BD0900498696 /* com.altura-Bridging-Header.h */ = {isa = PBXFileReference; lastKnownFileType = sourcecode.c.h; path = "com.altura-Bridging-Header.h"; sourceTree = "<group>"; };
		226FF08B2152BDBA00498696 /* Charts.xcodeproj */ = {isa = PBXFileReference; lastKnownFileType = "wrapper.pb-project"; name = Charts.xcodeproj; path = Charts/Charts.xcodeproj; sourceTree = SOURCE_ROOT; };
		226FF0992152BE0900498696 /* SQLite.xcodeproj */ = {isa = PBXFileReference; lastKnownFileType = "wrapper.pb-project"; name = SQLite.xcodeproj; path = SQLite/SQLite.xcodeproj; sourceTree = SOURCE_ROOT; };
		226FF0B22152BE3D00498696 /* Zip.xcodeproj */ = {isa = PBXFileReference; lastKnownFileType = "wrapper.pb-project"; name = Zip.xcodeproj; path = "Zip-master/Zip.xcodeproj"; sourceTree = SOURCE_ROOT; };
		226FF0C52152BE6600498696 /* CryptoSwift.xcodeproj */ = {isa = PBXFileReference; lastKnownFileType = "wrapper.pb-project"; name = CryptoSwift.xcodeproj; path = CryptoSwift/CryptoSwift.xcodeproj; sourceTree = SOURCE_ROOT; };
		226FF0D82152BEC000498696 /* Alamofire.xcodeproj */ = {isa = PBXFileReference; lastKnownFileType = "wrapper.pb-project"; name = Alamofire.xcodeproj; path = Alamofire/Alamofire.xcodeproj; sourceTree = SOURCE_ROOT; };
		226FF10A2152FDA300498696 /* com.altura.entitlements */ = {isa = PBXFileReference; lastKnownFileType = text.plist.entitlements; path = com.altura.entitlements; sourceTree = "<group>"; };
		226FF1112155440C00498696 /* GoogleService-Info.plist */ = {isa = PBXFileReference; fileEncoding = 4; lastKnownFileType = text.plist.xml; path = "GoogleService-Info.plist"; sourceTree = SOURCE_ROOT; };
		226FF18821554FD200498696 /* FirebaseCore.framework */ = {isa = PBXFileReference; explicitFileType = wrapper.framework; path = FirebaseCore.framework; sourceTree = BUILT_PRODUCTS_DIR; };
		226FF1A02155501400498696 /* FirebaseAuth.framework */ = {isa = PBXFileReference; explicitFileType = wrapper.framework; path = FirebaseAuth.framework; sourceTree = BUILT_PRODUCTS_DIR; };
		226FF1A22155501400498696 /* FirebaseDatabase.framework */ = {isa = PBXFileReference; explicitFileType = wrapper.framework; path = FirebaseDatabase.framework; sourceTree = BUILT_PRODUCTS_DIR; };
		226FF1A42155501400498696 /* FirebaseStorage.framework */ = {isa = PBXFileReference; explicitFileType = wrapper.framework; path = FirebaseStorage.framework; sourceTree = BUILT_PRODUCTS_DIR; };
		226FF1F0215AC0C500498696 /* BarTwoViewController.swift */ = {isa = PBXFileReference; fileEncoding = 4; lastKnownFileType = sourcecode.swift; path = BarTwoViewController.swift; sourceTree = "<group>"; };
		227D7ECD20DD5D60003E11BB /* AboutViewController.swift */ = {isa = PBXFileReference; lastKnownFileType = sourcecode.swift; path = AboutViewController.swift; sourceTree = "<group>"; };
		228804CD20C8462100C94AAC /* WService.swift */ = {isa = PBXFileReference; lastKnownFileType = sourcecode.swift; path = WService.swift; sourceTree = "<group>"; };
		228804CF20C84CDB00C94AAC /* DBase.swift */ = {isa = PBXFileReference; lastKnownFileType = sourcecode.swift; path = DBase.swift; sourceTree = "<group>"; };
		228804DD20C8636D00C94AAC /* Crypt.swift */ = {isa = PBXFileReference; lastKnownFileType = sourcecode.swift; path = Crypt.swift; sourceTree = "<group>"; };
		228804E320C9D4C500C94AAC /* ThirdViewController.swift */ = {isa = PBXFileReference; lastKnownFileType = sourcecode.swift; path = ThirdViewController.swift; sourceTree = "<group>"; };
		228804E520C9DEF300C94AAC /* MapKit.framework */ = {isa = PBXFileReference; lastKnownFileType = wrapper.framework; name = MapKit.framework; path = System/Library/Frameworks/MapKit.framework; sourceTree = SDKROOT; };
		228804E720C9E4F600C94AAC /* PinMap.swift */ = {isa = PBXFileReference; lastKnownFileType = sourcecode.swift; path = PinMap.swift; sourceTree = "<group>"; };
		2293BEFA21407BF2002D13B9 /* customTableTableViewCell5.swift */ = {isa = PBXFileReference; lastKnownFileType = sourcecode.swift; path = customTableTableViewCell5.swift; sourceTree = "<group>"; };
		2293BEFB21407BF2002D13B9 /* customTableTableViewCell5.xib */ = {isa = PBXFileReference; lastKnownFileType = file.xib; path = customTableTableViewCell5.xib; sourceTree = "<group>"; };
		229D62D220F4F55500B0DE7C /* CustomMap2ViewController.swift */ = {isa = PBXFileReference; lastKnownFileType = sourcecode.swift; path = CustomMap2ViewController.swift; sourceTree = "<group>"; };
		22A9E67120B0F00C0092E555 /* com.altura.app */ = {isa = PBXFileReference; explicitFileType = wrapper.application; includeInIndex = 0; path = com.altura.app; sourceTree = BUILT_PRODUCTS_DIR; };
		22A9E67420B0F00C0092E555 /* AppDelegate.swift */ = {isa = PBXFileReference; lastKnownFileType = sourcecode.swift; path = AppDelegate.swift; sourceTree = "<group>"; };
		22A9E67620B0F00C0092E555 /* ViewController.swift */ = {isa = PBXFileReference; lastKnownFileType = sourcecode.swift; path = ViewController.swift; sourceTree = "<group>"; };
		22A9E67920B0F00C0092E555 /* Base */ = {isa = PBXFileReference; lastKnownFileType = file.storyboard; name = Base; path = Base.lproj/Main.storyboard; sourceTree = "<group>"; };
		22A9E67E20B0F00E0092E555 /* Base */ = {isa = PBXFileReference; lastKnownFileType = file.storyboard; name = Base; path = Base.lproj/LaunchScreen.storyboard; sourceTree = "<group>"; };
		22A9E68020B0F00E0092E555 /* Info.plist */ = {isa = PBXFileReference; lastKnownFileType = text.plist.xml; path = Info.plist; sourceTree = "<group>"; };
		22A9E68520B0F00E0092E555 /* com.alturaTests.xctest */ = {isa = PBXFileReference; explicitFileType = wrapper.cfbundle; includeInIndex = 0; path = com.alturaTests.xctest; sourceTree = BUILT_PRODUCTS_DIR; };
		22A9E68920B0F00E0092E555 /* com_alturaTests.swift */ = {isa = PBXFileReference; lastKnownFileType = sourcecode.swift; path = com_alturaTests.swift; sourceTree = "<group>"; };
		22A9E68B20B0F00E0092E555 /* Info.plist */ = {isa = PBXFileReference; lastKnownFileType = text.plist.xml; path = Info.plist; sourceTree = "<group>"; };
		22A9E69020B0F00E0092E555 /* com.alturaUITests.xctest */ = {isa = PBXFileReference; explicitFileType = wrapper.cfbundle; includeInIndex = 0; path = com.alturaUITests.xctest; sourceTree = BUILT_PRODUCTS_DIR; };
		22A9E69420B0F00E0092E555 /* com_alturaUITests.swift */ = {isa = PBXFileReference; lastKnownFileType = sourcecode.swift; path = com_alturaUITests.swift; sourceTree = "<group>"; };
		22A9E69620B0F00E0092E555 /* Info.plist */ = {isa = PBXFileReference; lastKnownFileType = text.plist.xml; path = Info.plist; sourceTree = "<group>"; };
		22A9E6C720B0FB450092E555 /* RegisterController.swift */ = {isa = PBXFileReference; lastKnownFileType = sourcecode.swift; path = RegisterController.swift; sourceTree = "<group>"; };
		22A9E6C920B0FB580092E555 /* RegisterSecondController.swift */ = {isa = PBXFileReference; lastKnownFileType = sourcecode.swift; path = RegisterSecondController.swift; sourceTree = "<group>"; };
		22AFA53B2108E15000E08444 /* SystemConfiguration.framework */ = {isa = PBXFileReference; lastKnownFileType = wrapper.framework; name = SystemConfiguration.framework; path = System/Library/Frameworks/SystemConfiguration.framework; sourceTree = SDKROOT; };
		22AFA5AD2108E82000E08444 /* structures.swift */ = {isa = PBXFileReference; lastKnownFileType = sourcecode.swift; path = structures.swift; sourceTree = "<group>"; };
		22AFA5B4210A1BE700E08444 /* Utils.swift */ = {isa = PBXFileReference; lastKnownFileType = sourcecode.swift; path = Utils.swift; sourceTree = "<group>"; };
		22C7C42321502F48000EF8D8 /* ChatViewController.swift */ = {isa = PBXFileReference; lastKnownFileType = sourcecode.swift; path = ChatViewController.swift; sourceTree = "<group>"; };
		22D5623C20F688D00098526C /* CustomWebViewController.swift */ = {isa = PBXFileReference; lastKnownFileType = sourcecode.swift; path = CustomWebViewController.swift; sourceTree = "<group>"; };
		22D5623E20F6A1F50098526C /* ContactViewController.swift */ = {isa = PBXFileReference; lastKnownFileType = sourcecode.swift; path = ContactViewController.swift; sourceTree = "<group>"; };
		285946791D70D0170180E5A6 /* Pods-com.altura.debug.xcconfig */ = {isa = PBXFileReference; includeInIndex = 1; lastKnownFileType = text.xcconfig; name = "Pods-com.altura.debug.xcconfig"; path = "Pods/Target Support Files/Pods-com.altura/Pods-com.altura.debug.xcconfig"; sourceTree = "<group>"; };
		49D8CF8497BA5848B306ADFE /* Pods_com_altura.framework */ = {isa = PBXFileReference; explicitFileType = wrapper.framework; includeInIndex = 0; path = Pods_com_altura.framework; sourceTree = BUILT_PRODUCTS_DIR; };
		4B40B132115B7728717FC549 /* Pods-com.alturaUITests.release.xcconfig */ = {isa = PBXFileReference; includeInIndex = 1; lastKnownFileType = text.xcconfig; name = "Pods-com.alturaUITests.release.xcconfig"; path = "Pods/Target Support Files/Pods-com.alturaUITests/Pods-com.alturaUITests.release.xcconfig"; sourceTree = "<group>"; };
		60B27FDD74928DBB538F9A3F /* Pods-com.altura.release.xcconfig */ = {isa = PBXFileReference; includeInIndex = 1; lastKnownFileType = text.xcconfig; name = "Pods-com.altura.release.xcconfig"; path = "Pods/Target Support Files/Pods-com.altura/Pods-com.altura.release.xcconfig"; sourceTree = "<group>"; };
		752FB69FB3E189C6F9503C79 /* Pods_com_alturaUITests.framework */ = {isa = PBXFileReference; explicitFileType = wrapper.framework; includeInIndex = 0; path = Pods_com_alturaUITests.framework; sourceTree = BUILT_PRODUCTS_DIR; };
		85B77D2A983B7EB3722B6C75 /* Pods_com_alturaTests.framework */ = {isa = PBXFileReference; explicitFileType = wrapper.framework; includeInIndex = 0; path = Pods_com_alturaTests.framework; sourceTree = BUILT_PRODUCTS_DIR; };
		CD52E49F0E008705186B2EB1 /* Pods-com.alturaTests.debug.xcconfig */ = {isa = PBXFileReference; includeInIndex = 1; lastKnownFileType = text.xcconfig; name = "Pods-com.alturaTests.debug.xcconfig"; path = "Pods/Target Support Files/Pods-com.alturaTests/Pods-com.alturaTests.debug.xcconfig"; sourceTree = "<group>"; };
		E3F75EA6EC4F5AA9CC7FC3F8 /* Pods-com.alturaTests.release.xcconfig */ = {isa = PBXFileReference; includeInIndex = 1; lastKnownFileType = text.xcconfig; name = "Pods-com.alturaTests.release.xcconfig"; path = "Pods/Target Support Files/Pods-com.alturaTests/Pods-com.alturaTests.release.xcconfig"; sourceTree = "<group>"; };
		F40982D73DFC76D4954884BF /* Pods-com.alturaUITests.debug.xcconfig */ = {isa = PBXFileReference; includeInIndex = 1; lastKnownFileType = text.xcconfig; name = "Pods-com.alturaUITests.debug.xcconfig"; path = "Pods/Target Support Files/Pods-com.alturaUITests/Pods-com.alturaUITests.debug.xcconfig"; sourceTree = "<group>"; };
/* End PBXFileReference section */

/* Begin PBXFrameworksBuildPhase section */
		22A9E66E20B0F00C0092E555 /* Frameworks */ = {
			isa = PBXFrameworksBuildPhase;
			buildActionMask = 2147483647;
			files = (
				226FF0B12152BE1400498696 /* SQLite.framework in Frameworks */,
				226FF0FE2152CDF400498696 /* CryptoSwift.framework in Frameworks */,
				226FF0FA2152CDDB00498696 /* Alamofire.framework in Frameworks */,
				226FF0952152BDF300498696 /* Charts.framework in Frameworks */,
				226FF1062152CE2900498696 /* Zip.framework in Frameworks */,
				72D6D649C46A625E28045B45 /* Pods_com_altura.framework in Frameworks */,
			);
			runOnlyForDeploymentPostprocessing = 0;
		};
		22A9E68220B0F00E0092E555 /* Frameworks */ = {
			isa = PBXFrameworksBuildPhase;
			buildActionMask = 2147483647;
			files = (
				5EF056901505C05C1527C860 /* Pods_com_alturaTests.framework in Frameworks */,
			);
			runOnlyForDeploymentPostprocessing = 0;
		};
		22A9E68D20B0F00E0092E555 /* Frameworks */ = {
			isa = PBXFrameworksBuildPhase;
			buildActionMask = 2147483647;
			files = (
				E6C92C57428F74EDA1D67343 /* Pods_com_alturaUITests.framework in Frameworks */,
			);
			runOnlyForDeploymentPostprocessing = 0;
		};
/* End PBXFrameworksBuildPhase section */

/* Begin PBXGroup section */
		224419F220CE02F9008D90C4 /* Login-Controllers */ = {
			isa = PBXGroup;
			children = (
				224419F020CDF9CE008D90C4 /* MainTabViewController.swift */,
				226FF1F0215AC0C500498696 /* BarTwoViewController.swift */,
				224419F720CE063D008D90C4 /* BarThreeViewController.swift */,
				224419F920CE0653008D90C4 /* BarFourViewController.swift */,
				224419FB20CE0672008D90C4 /* BarFiveViewController.swift */,
				2201C07520EAB101003BF608 /* DetailOneViewController.swift */,
				2201C07720EAB117003BF608 /* DetailTwoViewController.swift */,
				2201C07920EAB127003BF608 /* DetailThreeViewController.swift */,
				2201C07B20EAB137003BF608 /* DetailFourViewController.swift */,
				22112FB620ED596600689974 /* StatusProcessViewController.swift */,
				2201C08120EADA09003BF608 /* DetailsTabBarViewController.swift */,
			);
			path = "Login-Controllers";
			sourceTree = "<group>";
		};
		224419FD20CEFE4E008D90C4 /* CustomElements */ = {
			isa = PBXGroup;
			children = (
				228804E320C9D4C500C94AAC /* ThirdViewController.swift */,
				2201C03720E12AA5003BF608 /* CustomCollectionView.storyboard */,
				225772F920B3C8BB006CFB3B /* FirstOptionViewController.swift */,
				22D5623C20F688D00098526C /* CustomWebViewController.swift */,
				225772F720B3C841006CFB3B /* CustomCollectionViewCell.swift */,
				22441A0220CF1879008D90C4 /* CustomTableViewCell2.swift */,
				22441A0320CF1879008D90C4 /* CustomTableViewCell2.xib */,
				2201C02920DDB8BD003BF608 /* ItemMenuView.swift */,
				2201C04020E1556A003BF608 /* AboutViewController.storyboard */,
				227D7ECD20DD5D60003E11BB /* AboutViewController.swift */,
				2201C04520E2DA30003BF608 /* SuggestionView.storyboard */,
				2201C04320E2B9A8003BF608 /* SuggestionViewController.swift */,
				2201C04C20E52F12003BF608 /* CustomTableViewCell3.swift */,
				2201C04D20E52F12003BF608 /* CustomTableViewCell3.xib */,
				2201C05220E58734003BF608 /* CustomPinMap.swift */,
				2201C06420E6D130003BF608 /* CellData.swift */,
				2201C07220E6EBA6003BF608 /* PopupCustom.storyboard */,
				2201C07020E6E8CC003BF608 /* PopUpCustomViewController.swift */,
				2201C07D20EAB955003BF608 /* CustomTableViewCell4.swift */,
				2201C07E20EAB955003BF608 /* CustomTableViewCell4.xib */,
				22112FB820ED6DD000689974 /* OptionsProcessViewController.swift */,
				2293BEFA21407BF2002D13B9 /* customTableTableViewCell5.swift */,
				2293BEFB21407BF2002D13B9 /* customTableTableViewCell5.xib */,
			);
			path = CustomElements;
			sourceTree = "<group>";
		};
		226FF0892152BCEE00498696 /* Utilidad */ = {
			isa = PBXGroup;
			children = (
				226FF08A2152BD0900498696 /* com.altura-Bridging-Header.h */,
			);
			path = Utilidad;
			sourceTree = "<group>";
		};
		226FF08C2152BDBA00498696 /* Products */ = {
			isa = PBXGroup;
			children = (
				226FF0912152BDBA00498696 /* Charts.framework */,
				226FF0932152BDBA00498696 /* ChartsTests.xctest */,
			);
			name = Products;
			sourceTree = "<group>";
		};
		226FF09A2152BE0900498696 /* Products */ = {
			isa = PBXGroup;
			children = (
				226FF0A42152BE0900498696 /* SQLite.framework */,
				226FF0A62152BE0900498696 /* SQLiteTests iOS.xctest */,
				226FF0A82152BE0900498696 /* SQLite.framework */,
				226FF0AA2152BE0900498696 /* SQLiteTests Mac.xctest */,
				226FF0AC2152BE0900498696 /* SQLite.framework */,
				226FF0AE2152BE0900498696 /* SQLiteTests tvOS.xctest */,
				226FF0B02152BE0900498696 /* SQLite.framework */,
			);
			name = Products;
			sourceTree = "<group>";
		};
		226FF0B32152BE3D00498696 /* Products */ = {
			isa = PBXGroup;
			children = (
				226FF0BB2152BE3E00498696 /* Zip.framework */,
				226FF0BD2152BE3E00498696 /* ZipTests.xctest */,
				226FF0BF2152BE3E00498696 /* Zip.framework */,
				226FF0C12152BE3E00498696 /* Zip OSXTests.xctest */,
				226FF0C32152BE3E00498696 /* Zip.framework */,
			);
			name = Products;
			sourceTree = "<group>";
		};
		226FF0C62152BE6600498696 /* Products */ = {
			isa = PBXGroup;
			children = (
				226FF0CE2152BE6600498696 /* CryptoSwift.framework */,
				226FF0D02152BE6600498696 /* CryptoSwift-TestHostApp.app */,
				226FF0D22152BE6600498696 /* Tests.xctest */,
				226FF0D42152BE6600498696 /* TestsPerformance-Mac.xctest */,
				226FF0D62152BE6600498696 /* TestsPerformance-iOS.xctest */,
			);
			name = Products;
			sourceTree = "<group>";
		};
		226FF0D92152BEC000498696 /* Products */ = {
			isa = PBXGroup;
			children = (
				226FF0E42152BEC000498696 /* Alamofire.framework */,
				226FF0E62152BEC000498696 /* Alamofire iOS Tests.xctest */,
				226FF0E82152BEC000498696 /* Alamofire.framework */,
				226FF0EA2152BEC000498696 /* Alamofire macOS Tests.xctest */,
				226FF0EC2152BEC000498696 /* Alamofire.framework */,
				226FF0EE2152BEC000498696 /* Alamofire tvOS Tests.xctest */,
				226FF0F02152BEC000498696 /* Alamofire.framework */,
			);
			name = Products;
			sourceTree = "<group>";
		};
		228804C620C845C300C94AAC /* Utils */ = {
			isa = PBXGroup;
			children = (
				226FF0892152BCEE00498696 /* Utilidad */,
				228804CD20C8462100C94AAC /* WService.swift */,
				228804CF20C84CDB00C94AAC /* DBase.swift */,
				228804DD20C8636D00C94AAC /* Crypt.swift */,
				228804E720C9E4F600C94AAC /* PinMap.swift */,
				22AFA5AD2108E82000E08444 /* structures.swift */,
				22AFA5B4210A1BE700E08444 /* Utils.swift */,
			);
			path = Utils;
			sourceTree = "<group>";
		};
		22A9E66820B0F00C0092E555 = {
			isa = PBXGroup;
			children = (
				22A9E67320B0F00C0092E555 /* com.altura */,
				22A9E68820B0F00E0092E555 /* com.alturaTests */,
				22A9E69320B0F00E0092E555 /* com.alturaUITests */,
				22A9E67220B0F00C0092E555 /* Products */,
				2D5F57DB861FFAF5AE539C06 /* Pods */,
				8A69A1C968961235C898160F /* Frameworks */,
			);
			sourceTree = "<group>";
		};
		22A9E67220B0F00C0092E555 /* Products */ = {
			isa = PBXGroup;
			children = (
				22A9E67120B0F00C0092E555 /* com.altura.app */,
				22A9E68520B0F00E0092E555 /* com.alturaTests.xctest */,
				22A9E69020B0F00E0092E555 /* com.alturaUITests.xctest */,
			);
			name = Products;
			sourceTree = "<group>";
		};
		22A9E67320B0F00C0092E555 /* com.altura */ = {
			isa = PBXGroup;
			children = (
				226FF10A2152FDA300498696 /* com.altura.entitlements */,
				226FF0D82152BEC000498696 /* Alamofire.xcodeproj */,
				226FF0C52152BE6600498696 /* CryptoSwift.xcodeproj */,
				226FF0B22152BE3D00498696 /* Zip.xcodeproj */,
				226FF0992152BE0900498696 /* SQLite.xcodeproj */,
				226FF08B2152BDBA00498696 /* Charts.xcodeproj */,
				224419FD20CEFE4E008D90C4 /* CustomElements */,
				224419F220CE02F9008D90C4 /* Login-Controllers */,
				228804C620C845C300C94AAC /* Utils */,
				22A9E67420B0F00C0092E555 /* AppDelegate.swift */,
				22A9E67620B0F00C0092E555 /* ViewController.swift */,
				22A9E6C720B0FB450092E555 /* RegisterController.swift */,
				22A9E6C920B0FB580092E555 /* RegisterSecondController.swift */,
				22A9E67820B0F00C0092E555 /* Main.storyboard */,
				22A9E67D20B0F00E0092E555 /* LaunchScreen.storyboard */,
				221CC56120BC481000CFC265 /* InitController.swift */,
				22A9E68020B0F00E0092E555 /* Info.plist */,
				226FF1112155440C00498696 /* GoogleService-Info.plist */,
				224419BF20CB183D008D90C4 /* Assets.xcassets */,
				22112FBA20ED78FF00689974 /* NewContractViewController.swift */,
				22441A0620D80DF5008D90C4 /* PageUrlViewController.swift */,
				2201C04820E3D6A9003BF608 /* TechRequestViewController.swift */,
				2201C04A20E52213003BF608 /* BillRequestViewController.swift */,
				229D62D220F4F55500B0DE7C /* CustomMap2ViewController.swift */,
				22D5623E20F6A1F50098526C /* ContactViewController.swift */,
				22C7C42321502F48000EF8D8 /* ChatViewController.swift */,
			);
			path = com.altura;
			sourceTree = "<group>";
		};
		22A9E68820B0F00E0092E555 /* com.alturaTests */ = {
			isa = PBXGroup;
			children = (
				22A9E68920B0F00E0092E555 /* com_alturaTests.swift */,
				22A9E68B20B0F00E0092E555 /* Info.plist */,
			);
			path = com.alturaTests;
			sourceTree = "<group>";
		};
		22A9E69320B0F00E0092E555 /* com.alturaUITests */ = {
			isa = PBXGroup;
			children = (
				22A9E69420B0F00E0092E555 /* com_alturaUITests.swift */,
				22A9E69620B0F00E0092E555 /* Info.plist */,
			);
			path = com.alturaUITests;
			sourceTree = "<group>";
		};
		2D5F57DB861FFAF5AE539C06 /* Pods */ = {
			isa = PBXGroup;
			children = (
				285946791D70D0170180E5A6 /* Pods-com.altura.debug.xcconfig */,
				60B27FDD74928DBB538F9A3F /* Pods-com.altura.release.xcconfig */,
				CD52E49F0E008705186B2EB1 /* Pods-com.alturaTests.debug.xcconfig */,
				E3F75EA6EC4F5AA9CC7FC3F8 /* Pods-com.alturaTests.release.xcconfig */,
				F40982D73DFC76D4954884BF /* Pods-com.alturaUITests.debug.xcconfig */,
				4B40B132115B7728717FC549 /* Pods-com.alturaUITests.release.xcconfig */,
			);
			name = Pods;
			sourceTree = "<group>";
		};
		8A69A1C968961235C898160F /* Frameworks */ = {
			isa = PBXGroup;
			children = (
				226FF1A02155501400498696 /* FirebaseAuth.framework */,
				226FF1A22155501400498696 /* FirebaseDatabase.framework */,
				226FF1A42155501400498696 /* FirebaseStorage.framework */,
				226FF18821554FD200498696 /* FirebaseCore.framework */,
				22AFA53B2108E15000E08444 /* SystemConfiguration.framework */,
				228804E520C9DEF300C94AAC /* MapKit.framework */,
				49D8CF8497BA5848B306ADFE /* Pods_com_altura.framework */,
				85B77D2A983B7EB3722B6C75 /* Pods_com_alturaTests.framework */,
				752FB69FB3E189C6F9503C79 /* Pods_com_alturaUITests.framework */,
			);
			name = Frameworks;
			sourceTree = "<group>";
		};
/* End PBXGroup section */

/* Begin PBXNativeTarget section */
		22A9E67020B0F00C0092E555 /* com.altura */ = {
			isa = PBXNativeTarget;
			buildConfigurationList = 22A9E69920B0F00E0092E555 /* Build configuration list for PBXNativeTarget "com.altura" */;
			buildPhases = (
				1464B8C92F6A9B8B7B99ACA7 /* [CP] Check Pods Manifest.lock */,
				22A9E66D20B0F00C0092E555 /* Sources */,
				22A9E66E20B0F00C0092E555 /* Frameworks */,
				22A9E66F20B0F00C0092E555 /* Resources */,
				22A9E6BF20B0F1710092E555 /* Embed Frameworks */,
				37153D959719CDDE10B89B09 /* [CP] Copy Pods Resources */,
				6236162F7F8270F99AD49A32 /* [CP] Embed Pods Frameworks */,
			);
			buildRules = (
			);
			dependencies = (
				226FF0982152BDF300498696 /* PBXTargetDependency */,
				226FF0F52152CDB700498696 /* PBXTargetDependency */,
				226FF0FD2152CDDB00498696 /* PBXTargetDependency */,
				226FF1012152CDF400498696 /* PBXTargetDependency */,
				226FF1092152CE2900498696 /* PBXTargetDependency */,
			);
			name = com.altura;
			productName = com.altura;
			productReference = 22A9E67120B0F00C0092E555 /* com.altura.app */;
			productType = "com.apple.product-type.application";
		};
		22A9E68420B0F00E0092E555 /* com.alturaTests */ = {
			isa = PBXNativeTarget;
			buildConfigurationList = 22A9E69C20B0F00E0092E555 /* Build configuration list for PBXNativeTarget "com.alturaTests" */;
			buildPhases = (
				5DEAB9BAB3DA69461D766058 /* [CP] Check Pods Manifest.lock */,
				22A9E68120B0F00E0092E555 /* Sources */,
				22A9E68220B0F00E0092E555 /* Frameworks */,
				22A9E68320B0F00E0092E555 /* Resources */,
			);
			buildRules = (
			);
			dependencies = (
				22A9E68720B0F00E0092E555 /* PBXTargetDependency */,
			);
			name = com.alturaTests;
			productName = com.alturaTests;
			productReference = 22A9E68520B0F00E0092E555 /* com.alturaTests.xctest */;
			productType = "com.apple.product-type.bundle.unit-test";
		};
		22A9E68F20B0F00E0092E555 /* com.alturaUITests */ = {
			isa = PBXNativeTarget;
			buildConfigurationList = 22A9E69F20B0F00E0092E555 /* Build configuration list for PBXNativeTarget "com.alturaUITests" */;
			buildPhases = (
				03CA113E60EC322D12227711 /* [CP] Check Pods Manifest.lock */,
				22A9E68C20B0F00E0092E555 /* Sources */,
				22A9E68D20B0F00E0092E555 /* Frameworks */,
				22A9E68E20B0F00E0092E555 /* Resources */,
			);
			buildRules = (
			);
			dependencies = (
				22A9E69220B0F00E0092E555 /* PBXTargetDependency */,
			);
			name = com.alturaUITests;
			productName = com.alturaUITests;
			productReference = 22A9E69020B0F00E0092E555 /* com.alturaUITests.xctest */;
			productType = "com.apple.product-type.bundle.ui-testing";
		};
/* End PBXNativeTarget section */

/* Begin PBXProject section */
		22A9E66920B0F00C0092E555 /* Project object */ = {
			isa = PBXProject;
			attributes = {
				LastSwiftUpdateCheck = 0930;
				LastUpgradeCheck = 0940;
				ORGANIZATIONNAME = "Altura S.A.";
				TargetAttributes = {
					22A9E67020B0F00C0092E555 = {
						CreatedOnToolsVersion = 9.3.1;
						LastSwiftMigration = 0940;
						SystemCapabilities = {
							com.apple.ApplicationGroups.iOS = {
								enabled = 0;
							};
							com.apple.BackgroundModes = {
								enabled = 1;
							};
							com.apple.DataProtection = {
								enabled = 0;
							};
							com.apple.HomeKit = {
								enabled = 0;
							};
							com.apple.InterAppAudio = {
								enabled = 0;
							};
							com.apple.Push = {
								enabled = 1;
							};
							com.apple.WAC = {
								enabled = 0;
							};
						};
					};
					22A9E68420B0F00E0092E555 = {
						CreatedOnToolsVersion = 9.3.1;
						TestTargetID = 22A9E67020B0F00C0092E555;
					};
					22A9E68F20B0F00E0092E555 = {
						CreatedOnToolsVersion = 9.3.1;
						TestTargetID = 22A9E67020B0F00C0092E555;
					};
				};
			};
			buildConfigurationList = 22A9E66C20B0F00C0092E555 /* Build configuration list for PBXProject "com.altura" */;
			compatibilityVersion = "Xcode 9.3";
			developmentRegion = en;
			hasScannedForEncodings = 0;
			knownRegions = (
				en,
				Base,
			);
			mainGroup = 22A9E66820B0F00C0092E555;
			productRefGroup = 22A9E67220B0F00C0092E555 /* Products */;
			projectDirPath = "";
			projectReferences = (
				{
					ProductGroup = 226FF0D92152BEC000498696 /* Products */;
					ProjectRef = 226FF0D82152BEC000498696 /* Alamofire.xcodeproj */;
				},
				{
					ProductGroup = 226FF08C2152BDBA00498696 /* Products */;
					ProjectRef = 226FF08B2152BDBA00498696 /* Charts.xcodeproj */;
				},
				{
					ProductGroup = 226FF0C62152BE6600498696 /* Products */;
					ProjectRef = 226FF0C52152BE6600498696 /* CryptoSwift.xcodeproj */;
				},
				{
					ProductGroup = 226FF09A2152BE0900498696 /* Products */;
					ProjectRef = 226FF0992152BE0900498696 /* SQLite.xcodeproj */;
				},
				{
					ProductGroup = 226FF0B32152BE3D00498696 /* Products */;
					ProjectRef = 226FF0B22152BE3D00498696 /* Zip.xcodeproj */;
				},
			);
			projectRoot = "";
			targets = (
				22A9E67020B0F00C0092E555 /* com.altura */,
				22A9E68420B0F00E0092E555 /* com.alturaTests */,
				22A9E68F20B0F00E0092E555 /* com.alturaUITests */,
			);
		};
/* End PBXProject section */

/* Begin PBXReferenceProxy section */
		226FF0912152BDBA00498696 /* Charts.framework */ = {
			isa = PBXReferenceProxy;
			fileType = wrapper.framework;
			path = Charts.framework;
			remoteRef = 226FF0902152BDBA00498696 /* PBXContainerItemProxy */;
			sourceTree = BUILT_PRODUCTS_DIR;
		};
		226FF0932152BDBA00498696 /* ChartsTests.xctest */ = {
			isa = PBXReferenceProxy;
			fileType = wrapper.cfbundle;
			path = ChartsTests.xctest;
			remoteRef = 226FF0922152BDBA00498696 /* PBXContainerItemProxy */;
			sourceTree = BUILT_PRODUCTS_DIR;
		};
		226FF0A42152BE0900498696 /* SQLite.framework */ = {
			isa = PBXReferenceProxy;
			fileType = wrapper.framework;
			path = SQLite.framework;
			remoteRef = 226FF0A32152BE0900498696 /* PBXContainerItemProxy */;
			sourceTree = BUILT_PRODUCTS_DIR;
		};
		226FF0A62152BE0900498696 /* SQLiteTests iOS.xctest */ = {
			isa = PBXReferenceProxy;
			fileType = wrapper.cfbundle;
			path = "SQLiteTests iOS.xctest";
			remoteRef = 226FF0A52152BE0900498696 /* PBXContainerItemProxy */;
			sourceTree = BUILT_PRODUCTS_DIR;
		};
		226FF0A82152BE0900498696 /* SQLite.framework */ = {
			isa = PBXReferenceProxy;
			fileType = wrapper.framework;
			path = SQLite.framework;
			remoteRef = 226FF0A72152BE0900498696 /* PBXContainerItemProxy */;
			sourceTree = BUILT_PRODUCTS_DIR;
		};
		226FF0AA2152BE0900498696 /* SQLiteTests Mac.xctest */ = {
			isa = PBXReferenceProxy;
			fileType = wrapper.cfbundle;
			path = "SQLiteTests Mac.xctest";
			remoteRef = 226FF0A92152BE0900498696 /* PBXContainerItemProxy */;
			sourceTree = BUILT_PRODUCTS_DIR;
		};
		226FF0AC2152BE0900498696 /* SQLite.framework */ = {
			isa = PBXReferenceProxy;
			fileType = wrapper.framework;
			path = SQLite.framework;
			remoteRef = 226FF0AB2152BE0900498696 /* PBXContainerItemProxy */;
			sourceTree = BUILT_PRODUCTS_DIR;
		};
		226FF0AE2152BE0900498696 /* SQLiteTests tvOS.xctest */ = {
			isa = PBXReferenceProxy;
			fileType = wrapper.cfbundle;
			path = "SQLiteTests tvOS.xctest";
			remoteRef = 226FF0AD2152BE0900498696 /* PBXContainerItemProxy */;
			sourceTree = BUILT_PRODUCTS_DIR;
		};
		226FF0B02152BE0900498696 /* SQLite.framework */ = {
			isa = PBXReferenceProxy;
			fileType = wrapper.framework;
			path = SQLite.framework;
			remoteRef = 226FF0AF2152BE0900498696 /* PBXContainerItemProxy */;
			sourceTree = BUILT_PRODUCTS_DIR;
		};
		226FF0BB2152BE3E00498696 /* Zip.framework */ = {
			isa = PBXReferenceProxy;
			fileType = wrapper.framework;
			path = Zip.framework;
			remoteRef = 226FF0BA2152BE3E00498696 /* PBXContainerItemProxy */;
			sourceTree = BUILT_PRODUCTS_DIR;
		};
		226FF0BD2152BE3E00498696 /* ZipTests.xctest */ = {
			isa = PBXReferenceProxy;
			fileType = wrapper.cfbundle;
			path = ZipTests.xctest;
			remoteRef = 226FF0BC2152BE3E00498696 /* PBXContainerItemProxy */;
			sourceTree = BUILT_PRODUCTS_DIR;
		};
		226FF0BF2152BE3E00498696 /* Zip.framework */ = {
			isa = PBXReferenceProxy;
			fileType = wrapper.framework;
			path = Zip.framework;
			remoteRef = 226FF0BE2152BE3E00498696 /* PBXContainerItemProxy */;
			sourceTree = BUILT_PRODUCTS_DIR;
		};
		226FF0C12152BE3E00498696 /* Zip OSXTests.xctest */ = {
			isa = PBXReferenceProxy;
			fileType = wrapper.cfbundle;
			path = "Zip OSXTests.xctest";
			remoteRef = 226FF0C02152BE3E00498696 /* PBXContainerItemProxy */;
			sourceTree = BUILT_PRODUCTS_DIR;
		};
		226FF0C32152BE3E00498696 /* Zip.framework */ = {
			isa = PBXReferenceProxy;
			fileType = wrapper.framework;
			path = Zip.framework;
			remoteRef = 226FF0C22152BE3E00498696 /* PBXContainerItemProxy */;
			sourceTree = BUILT_PRODUCTS_DIR;
		};
		226FF0CE2152BE6600498696 /* CryptoSwift.framework */ = {
			isa = PBXReferenceProxy;
			fileType = wrapper.framework;
			path = CryptoSwift.framework;
			remoteRef = 226FF0CD2152BE6600498696 /* PBXContainerItemProxy */;
			sourceTree = BUILT_PRODUCTS_DIR;
		};
		226FF0D02152BE6600498696 /* CryptoSwift-TestHostApp.app */ = {
			isa = PBXReferenceProxy;
			fileType = wrapper.application;
			path = "CryptoSwift-TestHostApp.app";
			remoteRef = 226FF0CF2152BE6600498696 /* PBXContainerItemProxy */;
			sourceTree = BUILT_PRODUCTS_DIR;
		};
		226FF0D22152BE6600498696 /* Tests.xctest */ = {
			isa = PBXReferenceProxy;
			fileType = wrapper.cfbundle;
			path = Tests.xctest;
			remoteRef = 226FF0D12152BE6600498696 /* PBXContainerItemProxy */;
			sourceTree = BUILT_PRODUCTS_DIR;
		};
		226FF0D42152BE6600498696 /* TestsPerformance-Mac.xctest */ = {
			isa = PBXReferenceProxy;
			fileType = wrapper.cfbundle;
			path = "TestsPerformance-Mac.xctest";
			remoteRef = 226FF0D32152BE6600498696 /* PBXContainerItemProxy */;
			sourceTree = BUILT_PRODUCTS_DIR;
		};
		226FF0D62152BE6600498696 /* TestsPerformance-iOS.xctest */ = {
			isa = PBXReferenceProxy;
			fileType = wrapper.cfbundle;
			path = "TestsPerformance-iOS.xctest";
			remoteRef = 226FF0D52152BE6600498696 /* PBXContainerItemProxy */;
			sourceTree = BUILT_PRODUCTS_DIR;
		};
		226FF0E42152BEC000498696 /* Alamofire.framework */ = {
			isa = PBXReferenceProxy;
			fileType = wrapper.framework;
			path = Alamofire.framework;
			remoteRef = 226FF0E32152BEC000498696 /* PBXContainerItemProxy */;
			sourceTree = BUILT_PRODUCTS_DIR;
		};
		226FF0E62152BEC000498696 /* Alamofire iOS Tests.xctest */ = {
			isa = PBXReferenceProxy;
			fileType = wrapper.cfbundle;
			path = "Alamofire iOS Tests.xctest";
			remoteRef = 226FF0E52152BEC000498696 /* PBXContainerItemProxy */;
			sourceTree = BUILT_PRODUCTS_DIR;
		};
		226FF0E82152BEC000498696 /* Alamofire.framework */ = {
			isa = PBXReferenceProxy;
			fileType = wrapper.framework;
			path = Alamofire.framework;
			remoteRef = 226FF0E72152BEC000498696 /* PBXContainerItemProxy */;
			sourceTree = BUILT_PRODUCTS_DIR;
		};
		226FF0EA2152BEC000498696 /* Alamofire macOS Tests.xctest */ = {
			isa = PBXReferenceProxy;
			fileType = wrapper.cfbundle;
			path = "Alamofire macOS Tests.xctest";
			remoteRef = 226FF0E92152BEC000498696 /* PBXContainerItemProxy */;
			sourceTree = BUILT_PRODUCTS_DIR;
		};
		226FF0EC2152BEC000498696 /* Alamofire.framework */ = {
			isa = PBXReferenceProxy;
			fileType = wrapper.framework;
			path = Alamofire.framework;
			remoteRef = 226FF0EB2152BEC000498696 /* PBXContainerItemProxy */;
			sourceTree = BUILT_PRODUCTS_DIR;
		};
		226FF0EE2152BEC000498696 /* Alamofire tvOS Tests.xctest */ = {
			isa = PBXReferenceProxy;
			fileType = wrapper.cfbundle;
			path = "Alamofire tvOS Tests.xctest";
			remoteRef = 226FF0ED2152BEC000498696 /* PBXContainerItemProxy */;
			sourceTree = BUILT_PRODUCTS_DIR;
		};
		226FF0F02152BEC000498696 /* Alamofire.framework */ = {
			isa = PBXReferenceProxy;
			fileType = wrapper.framework;
			path = Alamofire.framework;
			remoteRef = 226FF0EF2152BEC000498696 /* PBXContainerItemProxy */;
			sourceTree = BUILT_PRODUCTS_DIR;
		};
/* End PBXReferenceProxy section */

/* Begin PBXResourcesBuildPhase section */
		22A9E66F20B0F00C0092E555 /* Resources */ = {
			isa = PBXResourcesBuildPhase;
			buildActionMask = 2147483647;
			files = (
				2201C03820E12AA5003BF608 /* CustomCollectionView.storyboard in Resources */,
				2201C04720E2DA30003BF608 /* SuggestionView.storyboard in Resources */,
				22A9E67F20B0F00E0092E555 /* LaunchScreen.storyboard in Resources */,
				2201C08020EAB955003BF608 /* CustomTableViewCell4.xib in Resources */,
				2201C04F20E52F12003BF608 /* CustomTableViewCell3.xib in Resources */,
				226FF1122155440C00498696 /* GoogleService-Info.plist in Resources */,
				22441A0520CF1879008D90C4 /* CustomTableViewCell2.xib in Resources */,
				2201C07420E6EBA6003BF608 /* PopupCustom.storyboard in Resources */,
				224419C620CB183D008D90C4 /* Assets.xcassets in Resources */,
				2293BEFD21407BF2002D13B9 /* customTableTableViewCell5.xib in Resources */,
				22A9E67A20B0F00C0092E555 /* Main.storyboard in Resources */,
				2201C04220E1556A003BF608 /* AboutViewController.storyboard in Resources */,
			);
			runOnlyForDeploymentPostprocessing = 0;
		};
		22A9E68320B0F00E0092E555 /* Resources */ = {
			isa = PBXResourcesBuildPhase;
			buildActionMask = 2147483647;
			files = (
			);
			runOnlyForDeploymentPostprocessing = 0;
		};
		22A9E68E20B0F00E0092E555 /* Resources */ = {
			isa = PBXResourcesBuildPhase;
			buildActionMask = 2147483647;
			files = (
			);
			runOnlyForDeploymentPostprocessing = 0;
		};
/* End PBXResourcesBuildPhase section */

/* Begin PBXShellScriptBuildPhase section */
		03CA113E60EC322D12227711 /* [CP] Check Pods Manifest.lock */ = {
			isa = PBXShellScriptBuildPhase;
			buildActionMask = 2147483647;
			files = (
			);
			inputPaths = (
				"${PODS_PODFILE_DIR_PATH}/Podfile.lock",
				"${PODS_ROOT}/Manifest.lock",
			);
			name = "[CP] Check Pods Manifest.lock";
			outputPaths = (
				"$(DERIVED_FILE_DIR)/Pods-com.alturaUITests-checkManifestLockResult.txt",
			);
			runOnlyForDeploymentPostprocessing = 0;
			shellPath = /bin/sh;
			shellScript = "diff \"${PODS_PODFILE_DIR_PATH}/Podfile.lock\" \"${PODS_ROOT}/Manifest.lock\" > /dev/null\nif [ $? != 0 ] ; then\n    # print error to STDERR\n    echo \"error: The sandbox is not in sync with the Podfile.lock. Run 'pod install' or update your CocoaPods installation.\" >&2\n    exit 1\nfi\n# This output is used by Xcode 'outputs' to avoid re-running this script phase.\necho \"SUCCESS\" > \"${SCRIPT_OUTPUT_FILE_0}\"\n";
			showEnvVarsInLog = 0;
		};
		1464B8C92F6A9B8B7B99ACA7 /* [CP] Check Pods Manifest.lock */ = {
			isa = PBXShellScriptBuildPhase;
			buildActionMask = 2147483647;
			files = (
			);
			inputPaths = (
				"${PODS_PODFILE_DIR_PATH}/Podfile.lock",
				"${PODS_ROOT}/Manifest.lock",
			);
			name = "[CP] Check Pods Manifest.lock";
			outputPaths = (
				"$(DERIVED_FILE_DIR)/Pods-com.altura-checkManifestLockResult.txt",
			);
			runOnlyForDeploymentPostprocessing = 0;
			shellPath = /bin/sh;
			shellScript = "diff \"${PODS_PODFILE_DIR_PATH}/Podfile.lock\" \"${PODS_ROOT}/Manifest.lock\" > /dev/null\nif [ $? != 0 ] ; then\n    # print error to STDERR\n    echo \"error: The sandbox is not in sync with the Podfile.lock. Run 'pod install' or update your CocoaPods installation.\" >&2\n    exit 1\nfi\n# This output is used by Xcode 'outputs' to avoid re-running this script phase.\necho \"SUCCESS\" > \"${SCRIPT_OUTPUT_FILE_0}\"\n";
			showEnvVarsInLog = 0;
		};
		37153D959719CDDE10B89B09 /* [CP] Copy Pods Resources */ = {
			isa = PBXShellScriptBuildPhase;
			buildActionMask = 2147483647;
			files = (
			);
			inputPaths = (
				"${SRCROOT}/Pods/Target Support Files/Pods-com.altura/Pods-com.altura-resources.sh",
				"${PODS_ROOT}/GoogleMaps/Maps/Frameworks/GoogleMaps.framework/Resources/GoogleMaps.bundle",
				"${PODS_ROOT}/GooglePlaces/Frameworks/GooglePlaces.framework/Resources/GooglePlaces.bundle",
			);
			name = "[CP] Copy Pods Resources";
			outputPaths = (
				"${TARGET_BUILD_DIR}/${UNLOCALIZED_RESOURCES_FOLDER_PATH}/GoogleMaps.bundle",
				"${TARGET_BUILD_DIR}/${UNLOCALIZED_RESOURCES_FOLDER_PATH}/GooglePlaces.bundle",
			);
			runOnlyForDeploymentPostprocessing = 0;
			shellPath = /bin/sh;
			shellScript = "\"${SRCROOT}/Pods/Target Support Files/Pods-com.altura/Pods-com.altura-resources.sh\"\n";
			showEnvVarsInLog = 0;
		};
		5DEAB9BAB3DA69461D766058 /* [CP] Check Pods Manifest.lock */ = {
			isa = PBXShellScriptBuildPhase;
			buildActionMask = 2147483647;
			files = (
			);
			inputPaths = (
				"${PODS_PODFILE_DIR_PATH}/Podfile.lock",
				"${PODS_ROOT}/Manifest.lock",
			);
			name = "[CP] Check Pods Manifest.lock";
			outputPaths = (
				"$(DERIVED_FILE_DIR)/Pods-com.alturaTests-checkManifestLockResult.txt",
			);
			runOnlyForDeploymentPostprocessing = 0;
			shellPath = /bin/sh;
			shellScript = "diff \"${PODS_PODFILE_DIR_PATH}/Podfile.lock\" \"${PODS_ROOT}/Manifest.lock\" > /dev/null\nif [ $? != 0 ] ; then\n    # print error to STDERR\n    echo \"error: The sandbox is not in sync with the Podfile.lock. Run 'pod install' or update your CocoaPods installation.\" >&2\n    exit 1\nfi\n# This output is used by Xcode 'outputs' to avoid re-running this script phase.\necho \"SUCCESS\" > \"${SCRIPT_OUTPUT_FILE_0}\"\n";
			showEnvVarsInLog = 0;
		};
		6236162F7F8270F99AD49A32 /* [CP] Embed Pods Frameworks */ = {
			isa = PBXShellScriptBuildPhase;
			buildActionMask = 2147483647;
			files = (
			);
			inputPaths = (
				"${SRCROOT}/Pods/Target Support Files/Pods-com.altura/Pods-com.altura-frameworks.sh",
				"${BUILT_PRODUCTS_DIR}/GTMSessionFetcher/GTMSessionFetcher.framework",
				"${BUILT_PRODUCTS_DIR}/GoogleToolboxForMac/GoogleToolboxForMac.framework",
				"${BUILT_PRODUCTS_DIR}/Protobuf/Protobuf.framework",
				"${BUILT_PRODUCTS_DIR}/leveldb-library/leveldb.framework",
				"${BUILT_PRODUCTS_DIR}/nanopb/nanopb.framework",
			);
			name = "[CP] Embed Pods Frameworks";
			outputPaths = (
				"${TARGET_BUILD_DIR}/${FRAMEWORKS_FOLDER_PATH}/GTMSessionFetcher.framework",
				"${TARGET_BUILD_DIR}/${FRAMEWORKS_FOLDER_PATH}/GoogleToolboxForMac.framework",
				"${TARGET_BUILD_DIR}/${FRAMEWORKS_FOLDER_PATH}/Protobuf.framework",
				"${TARGET_BUILD_DIR}/${FRAMEWORKS_FOLDER_PATH}/leveldb.framework",
				"${TARGET_BUILD_DIR}/${FRAMEWORKS_FOLDER_PATH}/nanopb.framework",
			);
			runOnlyForDeploymentPostprocessing = 0;
			shellPath = /bin/sh;
			shellScript = "\"${SRCROOT}/Pods/Target Support Files/Pods-com.altura/Pods-com.altura-frameworks.sh\"\n";
			showEnvVarsInLog = 0;
		};
/* End PBXShellScriptBuildPhase section */

/* Begin PBXSourcesBuildPhase section */
		22A9E66D20B0F00C0092E555 /* Sources */ = {
			isa = PBXSourcesBuildPhase;
			buildActionMask = 2147483647;
			files = (
				2201C07A20EAB127003BF608 /* DetailThreeViewController.swift in Sources */,
				224419F120CDF9CE008D90C4 /* MainTabViewController.swift in Sources */,
				22441A0420CF1879008D90C4 /* CustomTableViewCell2.swift in Sources */,
				2201C04420E2B9A8003BF608 /* SuggestionViewController.swift in Sources */,
				2201C04B20E52213003BF608 /* BillRequestViewController.swift in Sources */,
				228804DE20C8636D00C94AAC /* Crypt.swift in Sources */,
				228804D020C84CDB00C94AAC /* DBase.swift in Sources */,
				226FF1F1215AC0C600498696 /* BarTwoViewController.swift in Sources */,
				2201C02B20DDB8BD003BF608 /* ItemMenuView.swift in Sources */,
				228804E820C9E4F600C94AAC /* PinMap.swift in Sources */,
				227D7ECE20DD5D60003E11BB /* AboutViewController.swift in Sources */,
				2201C04920E3D6A9003BF608 /* TechRequestViewController.swift in Sources */,
				22C7C42421502F48000EF8D8 /* ChatViewController.swift in Sources */,
				22112FB920ED6DD000689974 /* OptionsProcessViewController.swift in Sources */,
				2201C07820EAB117003BF608 /* DetailTwoViewController.swift in Sources */,
				225772F820B3C841006CFB3B /* CustomCollectionViewCell.swift in Sources */,
				225772FA20B3C8BB006CFB3B /* FirstOptionViewController.swift in Sources */,
				22A9E67720B0F00C0092E555 /* ViewController.swift in Sources */,
				2201C06520E6D130003BF608 /* CellData.swift in Sources */,
				22A9E67520B0F00C0092E555 /* AppDelegate.swift in Sources */,
				224419F820CE063D008D90C4 /* BarThreeViewController.swift in Sources */,
				22AFA5B5210A1BE800E08444 /* Utils.swift in Sources */,
				22A9E6CA20B0FB580092E555 /* RegisterSecondController.swift in Sources */,
				229D62D320F4F55500B0DE7C /* CustomMap2ViewController.swift in Sources */,
				22112FB720ED596600689974 /* StatusProcessViewController.swift in Sources */,
				22AFA5AE2108E82000E08444 /* structures.swift in Sources */,
				2201C08220EADA09003BF608 /* DetailsTabBarViewController.swift in Sources */,
				2201C07C20EAB137003BF608 /* DetailFourViewController.swift in Sources */,
				228804CE20C8462100C94AAC /* WService.swift in Sources */,
				228804E420C9D4C500C94AAC /* ThirdViewController.swift in Sources */,
				2201C07120E6E8CC003BF608 /* PopUpCustomViewController.swift in Sources */,
				2293BEFC21407BF2002D13B9 /* customTableTableViewCell5.swift in Sources */,
				22D5623D20F688D00098526C /* CustomWebViewController.swift in Sources */,
				2201C05320E58734003BF608 /* CustomPinMap.swift in Sources */,
				221CC56220BC481000CFC265 /* InitController.swift in Sources */,
				2201C07F20EAB955003BF608 /* CustomTableViewCell4.swift in Sources */,
				2201C07620EAB101003BF608 /* DetailOneViewController.swift in Sources */,
				22D5623F20F6A1F50098526C /* ContactViewController.swift in Sources */,
				22112FBB20ED78FF00689974 /* NewContractViewController.swift in Sources */,
				22441A0720D80DF5008D90C4 /* PageUrlViewController.swift in Sources */,
				224419FA20CE0653008D90C4 /* BarFourViewController.swift in Sources */,
				224419FC20CE0672008D90C4 /* BarFiveViewController.swift in Sources */,
				2201C04E20E52F12003BF608 /* CustomTableViewCell3.swift in Sources */,
				22A9E6C820B0FB450092E555 /* RegisterController.swift in Sources */,
			);
			runOnlyForDeploymentPostprocessing = 0;
		};
		22A9E68120B0F00E0092E555 /* Sources */ = {
			isa = PBXSourcesBuildPhase;
			buildActionMask = 2147483647;
			files = (
				22A9E68A20B0F00E0092E555 /* com_alturaTests.swift in Sources */,
			);
			runOnlyForDeploymentPostprocessing = 0;
		};
		22A9E68C20B0F00E0092E555 /* Sources */ = {
			isa = PBXSourcesBuildPhase;
			buildActionMask = 2147483647;
			files = (
				22A9E69520B0F00E0092E555 /* com_alturaUITests.swift in Sources */,
			);
			runOnlyForDeploymentPostprocessing = 0;
		};
/* End PBXSourcesBuildPhase section */

/* Begin PBXTargetDependency section */
		226FF0982152BDF300498696 /* PBXTargetDependency */ = {
			isa = PBXTargetDependency;
			name = Charts;
			targetProxy = 226FF0972152BDF300498696 /* PBXContainerItemProxy */;
		};
		226FF0F52152CDB700498696 /* PBXTargetDependency */ = {
			isa = PBXTargetDependency;
			name = "SQLite iOS";
			targetProxy = 226FF0F42152CDB700498696 /* PBXContainerItemProxy */;
		};
		226FF0FD2152CDDB00498696 /* PBXTargetDependency */ = {
			isa = PBXTargetDependency;
			name = "Alamofire iOS";
			targetProxy = 226FF0FC2152CDDB00498696 /* PBXContainerItemProxy */;
		};
		226FF1012152CDF400498696 /* PBXTargetDependency */ = {
			isa = PBXTargetDependency;
			name = CryptoSwift;
			targetProxy = 226FF1002152CDF400498696 /* PBXContainerItemProxy */;
		};
		226FF1092152CE2900498696 /* PBXTargetDependency */ = {
			isa = PBXTargetDependency;
			name = Zip;
			targetProxy = 226FF1082152CE2900498696 /* PBXContainerItemProxy */;
		};
		22A9E68720B0F00E0092E555 /* PBXTargetDependency */ = {
			isa = PBXTargetDependency;
			target = 22A9E67020B0F00C0092E555 /* com.altura */;
			targetProxy = 22A9E68620B0F00E0092E555 /* PBXContainerItemProxy */;
		};
		22A9E69220B0F00E0092E555 /* PBXTargetDependency */ = {
			isa = PBXTargetDependency;
			target = 22A9E67020B0F00C0092E555 /* com.altura */;
			targetProxy = 22A9E69120B0F00E0092E555 /* PBXContainerItemProxy */;
		};
/* End PBXTargetDependency section */

/* Begin PBXVariantGroup section */
		2201C04020E1556A003BF608 /* AboutViewController.storyboard */ = {
			isa = PBXVariantGroup;
			children = (
				2201C04120E1556A003BF608 /* Base */,
			);
			name = AboutViewController.storyboard;
			sourceTree = "<group>";
		};
		2201C04520E2DA30003BF608 /* SuggestionView.storyboard */ = {
			isa = PBXVariantGroup;
			children = (
				2201C04620E2DA30003BF608 /* Base */,
			);
			name = SuggestionView.storyboard;
			sourceTree = "<group>";
		};
		2201C07220E6EBA6003BF608 /* PopupCustom.storyboard */ = {
			isa = PBXVariantGroup;
			children = (
				2201C07320E6EBA6003BF608 /* Base */,
			);
			name = PopupCustom.storyboard;
			sourceTree = "<group>";
		};
		22A9E67820B0F00C0092E555 /* Main.storyboard */ = {
			isa = PBXVariantGroup;
			children = (
				22A9E67920B0F00C0092E555 /* Base */,
			);
			name = Main.storyboard;
			sourceTree = "<group>";
		};
		22A9E67D20B0F00E0092E555 /* LaunchScreen.storyboard */ = {
			isa = PBXVariantGroup;
			children = (
				22A9E67E20B0F00E0092E555 /* Base */,
			);
			name = LaunchScreen.storyboard;
			sourceTree = "<group>";
		};
/* End PBXVariantGroup section */

/* Begin XCBuildConfiguration section */
		22A9E69720B0F00E0092E555 /* Debug */ = {
			isa = XCBuildConfiguration;
			buildSettings = {
				ALWAYS_SEARCH_USER_PATHS = NO;
				CLANG_ANALYZER_NONNULL = YES;
				CLANG_ANALYZER_NUMBER_OBJECT_CONVERSION = YES_AGGRESSIVE;
				CLANG_CXX_LANGUAGE_STANDARD = "gnu++14";
				CLANG_CXX_LIBRARY = "libc++";
				CLANG_ENABLE_MODULES = YES;
				CLANG_ENABLE_OBJC_ARC = YES;
				CLANG_ENABLE_OBJC_WEAK = YES;
				CLANG_WARN_BLOCK_CAPTURE_AUTORELEASING = YES;
				CLANG_WARN_BOOL_CONVERSION = YES;
				CLANG_WARN_COMMA = YES;
				CLANG_WARN_CONSTANT_CONVERSION = YES;
				CLANG_WARN_DEPRECATED_OBJC_IMPLEMENTATIONS = YES;
				CLANG_WARN_DIRECT_OBJC_ISA_USAGE = YES_ERROR;
				CLANG_WARN_DOCUMENTATION_COMMENTS = YES;
				CLANG_WARN_EMPTY_BODY = YES;
				CLANG_WARN_ENUM_CONVERSION = YES;
				CLANG_WARN_INFINITE_RECURSION = YES;
				CLANG_WARN_INT_CONVERSION = YES;
				CLANG_WARN_NON_LITERAL_NULL_CONVERSION = YES;
				CLANG_WARN_OBJC_IMPLICIT_RETAIN_SELF = YES;
				CLANG_WARN_OBJC_LITERAL_CONVERSION = YES;
				CLANG_WARN_OBJC_ROOT_CLASS = YES_ERROR;
				CLANG_WARN_RANGE_LOOP_ANALYSIS = YES;
				CLANG_WARN_STRICT_PROTOTYPES = YES;
				CLANG_WARN_SUSPICIOUS_MOVE = YES;
				CLANG_WARN_UNGUARDED_AVAILABILITY = YES_AGGRESSIVE;
				CLANG_WARN_UNREACHABLE_CODE = YES;
				CLANG_WARN__DUPLICATE_METHOD_MATCH = YES;
				CODE_SIGN_IDENTITY = "iPhone Developer";
				COPY_PHASE_STRIP = NO;
				DEBUG_INFORMATION_FORMAT = dwarf;
				ENABLE_STRICT_OBJC_MSGSEND = YES;
				ENABLE_TESTABILITY = YES;
				GCC_C_LANGUAGE_STANDARD = gnu11;
				GCC_DYNAMIC_NO_PIC = NO;
				GCC_NO_COMMON_BLOCKS = YES;
				GCC_OPTIMIZATION_LEVEL = 0;
				GCC_PREPROCESSOR_DEFINITIONS = (
					"DEBUG=1",
					"$(inherited)",
				);
				GCC_WARN_64_TO_32_BIT_CONVERSION = YES;
				GCC_WARN_ABOUT_RETURN_TYPE = YES_ERROR;
				GCC_WARN_UNDECLARED_SELECTOR = YES;
				GCC_WARN_UNINITIALIZED_AUTOS = YES_AGGRESSIVE;
				GCC_WARN_UNUSED_FUNCTION = YES;
				GCC_WARN_UNUSED_VARIABLE = YES;
				IPHONEOS_DEPLOYMENT_TARGET = 11.0;
				MTL_ENABLE_DEBUG_INFO = YES;
				ONLY_ACTIVE_ARCH = YES;
				SDKROOT = iphoneos;
				SWIFT_ACTIVE_COMPILATION_CONDITIONS = DEBUG;
				SWIFT_OPTIMIZATION_LEVEL = "-Onone";
			};
			name = Debug;
		};
		22A9E69820B0F00E0092E555 /* Release */ = {
			isa = XCBuildConfiguration;
			buildSettings = {
				ALWAYS_SEARCH_USER_PATHS = NO;
				CLANG_ANALYZER_NONNULL = YES;
				CLANG_ANALYZER_NUMBER_OBJECT_CONVERSION = YES_AGGRESSIVE;
				CLANG_CXX_LANGUAGE_STANDARD = "gnu++14";
				CLANG_CXX_LIBRARY = "libc++";
				CLANG_ENABLE_MODULES = YES;
				CLANG_ENABLE_OBJC_ARC = YES;
				CLANG_ENABLE_OBJC_WEAK = YES;
				CLANG_WARN_BLOCK_CAPTURE_AUTORELEASING = YES;
				CLANG_WARN_BOOL_CONVERSION = YES;
				CLANG_WARN_COMMA = YES;
				CLANG_WARN_CONSTANT_CONVERSION = YES;
				CLANG_WARN_DEPRECATED_OBJC_IMPLEMENTATIONS = YES;
				CLANG_WARN_DIRECT_OBJC_ISA_USAGE = YES_ERROR;
				CLANG_WARN_DOCUMENTATION_COMMENTS = YES;
				CLANG_WARN_EMPTY_BODY = YES;
				CLANG_WARN_ENUM_CONVERSION = YES;
				CLANG_WARN_INFINITE_RECURSION = YES;
				CLANG_WARN_INT_CONVERSION = YES;
				CLANG_WARN_NON_LITERAL_NULL_CONVERSION = YES;
				CLANG_WARN_OBJC_IMPLICIT_RETAIN_SELF = YES;
				CLANG_WARN_OBJC_LITERAL_CONVERSION = YES;
				CLANG_WARN_OBJC_ROOT_CLASS = YES_ERROR;
				CLANG_WARN_RANGE_LOOP_ANALYSIS = YES;
				CLANG_WARN_STRICT_PROTOTYPES = YES;
				CLANG_WARN_SUSPICIOUS_MOVE = YES;
				CLANG_WARN_UNGUARDED_AVAILABILITY = YES_AGGRESSIVE;
				CLANG_WARN_UNREACHABLE_CODE = YES;
				CLANG_WARN__DUPLICATE_METHOD_MATCH = YES;
				CODE_SIGN_IDENTITY = "iPhone Developer";
				COPY_PHASE_STRIP = NO;
				DEBUG_INFORMATION_FORMAT = "dwarf-with-dsym";
				ENABLE_NS_ASSERTIONS = NO;
				ENABLE_STRICT_OBJC_MSGSEND = YES;
				GCC_C_LANGUAGE_STANDARD = gnu11;
				GCC_NO_COMMON_BLOCKS = YES;
				GCC_WARN_64_TO_32_BIT_CONVERSION = YES;
				GCC_WARN_ABOUT_RETURN_TYPE = YES_ERROR;
				GCC_WARN_UNDECLARED_SELECTOR = YES;
				GCC_WARN_UNINITIALIZED_AUTOS = YES_AGGRESSIVE;
				GCC_WARN_UNUSED_FUNCTION = YES;
				GCC_WARN_UNUSED_VARIABLE = YES;
				IPHONEOS_DEPLOYMENT_TARGET = 11.0;
				MTL_ENABLE_DEBUG_INFO = NO;
				SDKROOT = iphoneos;
				SWIFT_COMPILATION_MODE = wholemodule;
				SWIFT_OPTIMIZATION_LEVEL = "-O";
				VALIDATE_PRODUCT = YES;
			};
			name = Release;
		};
		22A9E69A20B0F00E0092E555 /* Debug */ = {
			isa = XCBuildConfiguration;
			baseConfigurationReference = 285946791D70D0170180E5A6 /* Pods-com.altura.debug.xcconfig */;
			buildSettings = {
				ALWAYS_EMBED_SWIFT_STANDARD_LIBRARIES = YES;
				ASSETCATALOG_COMPILER_APPICON_NAME = AppIcon;
				CLANG_ENABLE_MODULES = YES;
				CODE_SIGN_ENTITLEMENTS = com.altura/com.altura.entitlements;
				CODE_SIGN_IDENTITY = "iPhone Developer";
				CODE_SIGN_STYLE = Automatic;
				DEVELOPMENT_TEAM = 3BA8DK48WR;
				EMBED_ASSET_PACKS_IN_PRODUCT_BUNDLE = YES;
				FRAMEWORK_SEARCH_PATHS = (
					"$(inherited)",
					"$(PROJECT_DIR)",
					"$(PROJECT_DIR)/highcharts",
					"$(PROJECT_DIR)/highcharts-ios-master/release",
					"$(PROJECT_DIR)/Pods/Highcharts/development",
					"$(PROJECT_DIR)/firebase/Auth",
					"$(PROJECT_DIR)/firebase/Database",
					"$(PROJECT_DIR)/firebase/Storage",
				);
				"HEADER_SEARCH_PATHS[arch=*]" = "include/**";
				INFOPLIST_FILE = com.altura/Info.plist;
				IPHONEOS_DEPLOYMENT_TARGET = 11.0;
				LD_RUNPATH_SEARCH_PATHS = (
					"$(inherited)",
					"@executable_path/Frameworks",
				);
				"LIBRARY_SEARCH_PATHS[arch=*]" = "$(SRCROOT)/lib";
				PRODUCT_BUNDLE_IDENTIFIER = systems.altura.test.ios.app002;
				PRODUCT_NAME = "$(TARGET_NAME)";
				PROVISIONING_PROFILE_SPECIFIER = "";
				SWIFT_INSTALL_OBJC_HEADER = NO;
				SWIFT_OBJC_BRIDGING_HEADER = "com.altura/Utils/Utilidad/com.altura-Bridging-Header.h";
				SWIFT_OPTIMIZATION_LEVEL = "-Onone";
				SWIFT_VERSION = 4.0;
				TARGETED_DEVICE_FAMILY = "1,2";
			};
			name = Debug;
		};
		22A9E69B20B0F00E0092E555 /* Release */ = {
			isa = XCBuildConfiguration;
			baseConfigurationReference = 60B27FDD74928DBB538F9A3F /* Pods-com.altura.release.xcconfig */;
			buildSettings = {
				ALWAYS_EMBED_SWIFT_STANDARD_LIBRARIES = YES;
				ASSETCATALOG_COMPILER_APPICON_NAME = AppIcon;
				CLANG_ENABLE_MODULES = YES;
				CODE_SIGN_ENTITLEMENTS = com.altura/com.altura.entitlements;
				CODE_SIGN_IDENTITY = "iPhone Developer";
				CODE_SIGN_STYLE = Automatic;
				DEVELOPMENT_TEAM = 3BA8DK48WR;
				EMBED_ASSET_PACKS_IN_PRODUCT_BUNDLE = YES;
				FRAMEWORK_SEARCH_PATHS = (
					"$(inherited)",
					"$(PROJECT_DIR)",
					"$(PROJECT_DIR)/highcharts",
					"$(PROJECT_DIR)/highcharts-ios-master/release",
					"$(PROJECT_DIR)/Pods/Highcharts/development",
					"$(PROJECT_DIR)/firebase/Auth",
					"$(PROJECT_DIR)/firebase/Database",
					"$(PROJECT_DIR)/firebase/Storage",
				);
				"HEADER_SEARCH_PATHS[arch=*]" = "include/**";
				INFOPLIST_FILE = com.altura/Info.plist;
				IPHONEOS_DEPLOYMENT_TARGET = 11.0;
				LD_RUNPATH_SEARCH_PATHS = (
					"$(inherited)",
					"@executable_path/Frameworks",
				);
				"LIBRARY_SEARCH_PATHS[arch=*]" = "$(SRCROOT)/lib";
				PRODUCT_BUNDLE_IDENTIFIER = systems.altura.test.ios.app002;
				PRODUCT_NAME = "$(TARGET_NAME)";
				PROVISIONING_PROFILE_SPECIFIER = "";
				SWIFT_INSTALL_OBJC_HEADER = NO;
				SWIFT_OBJC_BRIDGING_HEADER = "com.altura/Utils/Utilidad/com.altura-Bridging-Header.h";
				SWIFT_VERSION = 4.0;
				TARGETED_DEVICE_FAMILY = "1,2";
			};
			name = Release;
		};
		22A9E69D20B0F00E0092E555 /* Debug */ = {
			isa = XCBuildConfiguration;
			baseConfigurationReference = CD52E49F0E008705186B2EB1 /* Pods-com.alturaTests.debug.xcconfig */;
			buildSettings = {
				ALWAYS_EMBED_SWIFT_STANDARD_LIBRARIES = YES;
				BUNDLE_LOADER = "$(TEST_HOST)";
				CODE_SIGN_STYLE = Automatic;
				DEVELOPMENT_TEAM = JQS4797YPX;
				FRAMEWORK_SEARCH_PATHS = (
					"$(inherited)",
					"$(PROJECT_DIR)/highcharts-ios-master/release",
				);
				INFOPLIST_FILE = com.alturaTests/Info.plist;
				LD_RUNPATH_SEARCH_PATHS = (
					"$(inherited)",
					"@executable_path/Frameworks",
					"@loader_path/Frameworks",
				);
				PRODUCT_BUNDLE_IDENTIFIER = "com.altura.com-alturaTests";
				PRODUCT_NAME = "$(TARGET_NAME)";
				SWIFT_VERSION = 4.0;
				TARGETED_DEVICE_FAMILY = "1,2";
				TEST_HOST = "$(BUILT_PRODUCTS_DIR)/com.altura.app/com.altura";
			};
			name = Debug;
		};
		22A9E69E20B0F00E0092E555 /* Release */ = {
			isa = XCBuildConfiguration;
			baseConfigurationReference = E3F75EA6EC4F5AA9CC7FC3F8 /* Pods-com.alturaTests.release.xcconfig */;
			buildSettings = {
				ALWAYS_EMBED_SWIFT_STANDARD_LIBRARIES = YES;
				BUNDLE_LOADER = "$(TEST_HOST)";
				CODE_SIGN_STYLE = Automatic;
				DEVELOPMENT_TEAM = JQS4797YPX;
				FRAMEWORK_SEARCH_PATHS = (
					"$(inherited)",
					"$(PROJECT_DIR)/highcharts-ios-master/release",
				);
				INFOPLIST_FILE = com.alturaTests/Info.plist;
				LD_RUNPATH_SEARCH_PATHS = (
					"$(inherited)",
					"@executable_path/Frameworks",
					"@loader_path/Frameworks",
				);
				PRODUCT_BUNDLE_IDENTIFIER = "com.altura.com-alturaTests";
				PRODUCT_NAME = "$(TARGET_NAME)";
				SWIFT_VERSION = 4.0;
				TARGETED_DEVICE_FAMILY = "1,2";
				TEST_HOST = "$(BUILT_PRODUCTS_DIR)/com.altura.app/com.altura";
			};
			name = Release;
		};
		22A9E6A020B0F00E0092E555 /* Debug */ = {
			isa = XCBuildConfiguration;
			baseConfigurationReference = F40982D73DFC76D4954884BF /* Pods-com.alturaUITests.debug.xcconfig */;
			buildSettings = {
				ALWAYS_EMBED_SWIFT_STANDARD_LIBRARIES = YES;
				CODE_SIGN_STYLE = Automatic;
				DEVELOPMENT_TEAM = JQS4797YPX;
				FRAMEWORK_SEARCH_PATHS = (
					"$(inherited)",
					"$(PROJECT_DIR)/highcharts-ios-master/release",
				);
				INFOPLIST_FILE = com.alturaUITests/Info.plist;
				LD_RUNPATH_SEARCH_PATHS = (
					"$(inherited)",
					"@executable_path/Frameworks",
					"@loader_path/Frameworks",
				);
				PRODUCT_BUNDLE_IDENTIFIER = "com.altura.com-alturaUITests";
				PRODUCT_NAME = "$(TARGET_NAME)";
				SWIFT_VERSION = 4.0;
				TARGETED_DEVICE_FAMILY = "1,2";
				TEST_TARGET_NAME = com.altura;
			};
			name = Debug;
		};
		22A9E6A120B0F00E0092E555 /* Release */ = {
			isa = XCBuildConfiguration;
			baseConfigurationReference = 4B40B132115B7728717FC549 /* Pods-com.alturaUITests.release.xcconfig */;
			buildSettings = {
				ALWAYS_EMBED_SWIFT_STANDARD_LIBRARIES = YES;
				CODE_SIGN_STYLE = Automatic;
				DEVELOPMENT_TEAM = JQS4797YPX;
				FRAMEWORK_SEARCH_PATHS = (
					"$(inherited)",
					"$(PROJECT_DIR)/highcharts-ios-master/release",
				);
				INFOPLIST_FILE = com.alturaUITests/Info.plist;
				LD_RUNPATH_SEARCH_PATHS = (
					"$(inherited)",
					"@executable_path/Frameworks",
					"@loader_path/Frameworks",
				);
				PRODUCT_BUNDLE_IDENTIFIER = "com.altura.com-alturaUITests";
				PRODUCT_NAME = "$(TARGET_NAME)";
				SWIFT_VERSION = 4.0;
				TARGETED_DEVICE_FAMILY = "1,2";
				TEST_TARGET_NAME = com.altura;
			};
			name = Release;
		};
/* End XCBuildConfiguration section */

/* Begin XCConfigurationList section */
		22A9E66C20B0F00C0092E555 /* Build configuration list for PBXProject "com.altura" */ = {
			isa = XCConfigurationList;
			buildConfigurations = (
				22A9E69720B0F00E0092E555 /* Debug */,
				22A9E69820B0F00E0092E555 /* Release */,
			);
			defaultConfigurationIsVisible = 0;
			defaultConfigurationName = Release;
		};
		22A9E69920B0F00E0092E555 /* Build configuration list for PBXNativeTarget "com.altura" */ = {
			isa = XCConfigurationList;
			buildConfigurations = (
				22A9E69A20B0F00E0092E555 /* Debug */,
				22A9E69B20B0F00E0092E555 /* Release */,
			);
			defaultConfigurationIsVisible = 0;
			defaultConfigurationName = Release;
		};
		22A9E69C20B0F00E0092E555 /* Build configuration list for PBXNativeTarget "com.alturaTests" */ = {
			isa = XCConfigurationList;
			buildConfigurations = (
				22A9E69D20B0F00E0092E555 /* Debug */,
				22A9E69E20B0F00E0092E555 /* Release */,
			);
			defaultConfigurationIsVisible = 0;
			defaultConfigurationName = Release;
		};
		22A9E69F20B0F00E0092E555 /* Build configuration list for PBXNativeTarget "com.alturaUITests" */ = {
			isa = XCConfigurationList;
			buildConfigurations = (
				22A9E6A020B0F00E0092E555 /* Debug */,
				22A9E6A120B0F00E0092E555 /* Release */,
			);
			defaultConfigurationIsVisible = 0;
			defaultConfigurationName = Release;
		};
/* End XCConfigurationList section */
	};
	rootObject = 22A9E66920B0F00C0092E555 /* Project object */;
}
