// !$*UTF8*$!
{
	archiveVersion = 1;
	classes = {
	};
	objectVersion = 50;
	objects = {

/* Begin PBXBuildFile section */
		221CC55820BBA4EA00CFC265 /* SecondViewController.swift in Sources */ = {isa = PBXBuildFile; fileRef = 221CC55720BBA4EA00CFC265 /* SecondViewController.swift */; };
		225772F220B25E85006CFB3B /* IndexController.swift in Sources */ = {isa = PBXBuildFile; fileRef = 225772F120B25E85006CFB3B /* IndexController.swift */; };
		225772F420B26AC6006CFB3B /* MainNavigationController.swift in Sources */ = {isa = PBXBuildFile; fileRef = 225772F320B26AC6006CFB3B /* MainNavigationController.swift */; };
		225772F820B3C841006CFB3B /* CustomCollectionViewCell.swift in Sources */ = {isa = PBXBuildFile; fileRef = 225772F720B3C841006CFB3B /* CustomCollectionViewCell.swift */; };
		225772FA20B3C8BB006CFB3B /* FirstOptionViewController.swift in Sources */ = {isa = PBXBuildFile; fileRef = 225772F920B3C8BB006CFB3B /* FirstOptionViewController.swift */; };
		22A9E67520B0F00C0092E555 /* AppDelegate.swift in Sources */ = {isa = PBXBuildFile; fileRef = 22A9E67420B0F00C0092E555 /* AppDelegate.swift */; };
		22A9E67720B0F00C0092E555 /* ViewController.swift in Sources */ = {isa = PBXBuildFile; fileRef = 22A9E67620B0F00C0092E555 /* ViewController.swift */; };
		22A9E67A20B0F00C0092E555 /* Main.storyboard in Resources */ = {isa = PBXBuildFile; fileRef = 22A9E67820B0F00C0092E555 /* Main.storyboard */; };
		22A9E67C20B0F00E0092E555 /* Assets.xcassets in Resources */ = {isa = PBXBuildFile; fileRef = 22A9E67B20B0F00E0092E555 /* Assets.xcassets */; };
		22A9E67F20B0F00E0092E555 /* LaunchScreen.storyboard in Resources */ = {isa = PBXBuildFile; fileRef = 22A9E67D20B0F00E0092E555 /* LaunchScreen.storyboard */; };
		22A9E68A20B0F00E0092E555 /* com_alturaTests.swift in Sources */ = {isa = PBXBuildFile; fileRef = 22A9E68920B0F00E0092E555 /* com_alturaTests.swift */; };
		22A9E69520B0F00E0092E555 /* com_alturaUITests.swift in Sources */ = {isa = PBXBuildFile; fileRef = 22A9E69420B0F00E0092E555 /* com_alturaUITests.swift */; };
		22A9E6BA20B0F1670092E555 /* SQLite.framework in Frameworks */ = {isa = PBXBuildFile; fileRef = 22A9E6AD20B0F1530092E555 /* SQLite.framework */; };
		22A9E6BB20B0F1710092E555 /* SQLite.framework in Frameworks */ = {isa = PBXBuildFile; fileRef = 22A9E6AD20B0F1530092E555 /* SQLite.framework */; };
		22A9E6BC20B0F1710092E555 /* SQLite.framework in Embed Frameworks */ = {isa = PBXBuildFile; fileRef = 22A9E6AD20B0F1530092E555 /* SQLite.framework */; settings = {ATTRIBUTES = (CodeSignOnCopy, RemoveHeadersOnCopy, ); }; };
		22A9E6C820B0FB450092E555 /* RegisterController.swift in Sources */ = {isa = PBXBuildFile; fileRef = 22A9E6C720B0FB450092E555 /* RegisterController.swift */; };
		22A9E6CA20B0FB580092E555 /* RegisterSecondController.swift in Sources */ = {isa = PBXBuildFile; fileRef = 22A9E6C920B0FB580092E555 /* RegisterSecondController.swift */; };
		244251CE80250B1BABDF6024 /* Pods_com_alturaTests.framework in Frameworks */ = {isa = PBXBuildFile; fileRef = AD04EB6EB4DE2B96EA077F75 /* Pods_com_alturaTests.framework */; };
		8DC85133A78B2ACAC48F3564 /* Pods_com_alturaUITests.framework in Frameworks */ = {isa = PBXBuildFile; fileRef = 68D1502CEE0946CFA3899161 /* Pods_com_alturaUITests.framework */; };
/* End PBXBuildFile section */

/* Begin PBXContainerItemProxy section */
		22A9E68620B0F00E0092E555 /* PBXContainerItemProxy */ = {
			isa = PBXContainerItemProxy;
			containerPortal = 22A9E66920B0F00C0092E555 /* Project object */;
			proxyType = 1;
			remoteGlobalIDString = 22A9E67020B0F00C0092E555;
			remoteInfo = com.altura;
		};
		22A9E69120B0F00E0092E555 /* PBXContainerItemProxy */ = {
			isa = PBXContainerItemProxy;
			containerPortal = 22A9E66920B0F00C0092E555 /* Project object */;
			proxyType = 1;
			remoteGlobalIDString = 22A9E67020B0F00C0092E555;
			remoteInfo = com.altura;
		};
		22A9E6AC20B0F1530092E555 /* PBXContainerItemProxy */ = {
			isa = PBXContainerItemProxy;
			containerPortal = 22A9E6A220B0F1530092E555 /* SQLite.xcodeproj */;
			proxyType = 2;
			remoteGlobalIDString = EE247AD31C3F04ED00AE3E12;
			remoteInfo = "SQLite iOS";
		};
		22A9E6AE20B0F1530092E555 /* PBXContainerItemProxy */ = {
			isa = PBXContainerItemProxy;
			containerPortal = 22A9E6A220B0F1530092E555 /* SQLite.xcodeproj */;
			proxyType = 2;
			remoteGlobalIDString = EE247ADD1C3F04ED00AE3E12;
			remoteInfo = "SQLiteTests iOS";
		};
		22A9E6B020B0F1530092E555 /* PBXContainerItemProxy */ = {
			isa = PBXContainerItemProxy;
			containerPortal = 22A9E6A220B0F1530092E555 /* SQLite.xcodeproj */;
			proxyType = 2;
			remoteGlobalIDString = EE247B3C1C3F3ED000AE3E12;
			remoteInfo = "SQLite Mac";
		};
		22A9E6B220B0F1530092E555 /* PBXContainerItemProxy */ = {
			isa = PBXContainerItemProxy;
			containerPortal = 22A9E6A220B0F1530092E555 /* SQLite.xcodeproj */;
			proxyType = 2;
			remoteGlobalIDString = EE247B451C3F3ED000AE3E12;
			remoteInfo = "SQLiteTests Mac";
		};
		22A9E6B420B0F1530092E555 /* PBXContainerItemProxy */ = {
			isa = PBXContainerItemProxy;
			containerPortal = 22A9E6A220B0F1530092E555 /* SQLite.xcodeproj */;
			proxyType = 2;
			remoteGlobalIDString = 03A65E5A1C6BB0F50062603F;
			remoteInfo = "SQLite tvOS";
		};
		22A9E6B620B0F1530092E555 /* PBXContainerItemProxy */ = {
			isa = PBXContainerItemProxy;
			containerPortal = 22A9E6A220B0F1530092E555 /* SQLite.xcodeproj */;
			proxyType = 2;
			remoteGlobalIDString = 03A65E631C6BB0F60062603F;
			remoteInfo = "SQLiteTests tvOS";
		};
		22A9E6B820B0F1530092E555 /* PBXContainerItemProxy */ = {
			isa = PBXContainerItemProxy;
			containerPortal = 22A9E6A220B0F1530092E555 /* SQLite.xcodeproj */;
			proxyType = 2;
			remoteGlobalIDString = A121AC451CA35C79005A31D1;
			remoteInfo = "SQLite watchOS";
		};
		22A9E6BD20B0F1710092E555 /* PBXContainerItemProxy */ = {
			isa = PBXContainerItemProxy;
			containerPortal = 22A9E6A220B0F1530092E555 /* SQLite.xcodeproj */;
			proxyType = 1;
			remoteGlobalIDString = EE247AD21C3F04ED00AE3E12;
			remoteInfo = "SQLite iOS";
		};
/* End PBXContainerItemProxy section */

/* Begin PBXCopyFilesBuildPhase section */
		22A9E6BF20B0F1710092E555 /* Embed Frameworks */ = {
			isa = PBXCopyFilesBuildPhase;
			buildActionMask = 2147483647;
			dstPath = "";
			dstSubfolderSpec = 10;
			files = (
				22A9E6BC20B0F1710092E555 /* SQLite.framework in Embed Frameworks */,
			);
			name = "Embed Frameworks";
			runOnlyForDeploymentPostprocessing = 0;
		};
/* End PBXCopyFilesBuildPhase section */

/* Begin PBXFileReference section */
		221CC55720BBA4EA00CFC265 /* SecondViewController.swift */ = {isa = PBXFileReference; lastKnownFileType = sourcecode.swift; path = SecondViewController.swift; sourceTree = "<group>"; };
		225772F120B25E85006CFB3B /* IndexController.swift */ = {isa = PBXFileReference; lastKnownFileType = sourcecode.swift; path = IndexController.swift; sourceTree = "<group>"; };
		225772F320B26AC6006CFB3B /* MainNavigationController.swift */ = {isa = PBXFileReference; lastKnownFileType = sourcecode.swift; path = MainNavigationController.swift; sourceTree = "<group>"; };
		225772F720B3C841006CFB3B /* CustomCollectionViewCell.swift */ = {isa = PBXFileReference; lastKnownFileType = sourcecode.swift; path = CustomCollectionViewCell.swift; sourceTree = "<group>"; };
		225772F920B3C8BB006CFB3B /* FirstOptionViewController.swift */ = {isa = PBXFileReference; lastKnownFileType = sourcecode.swift; path = FirstOptionViewController.swift; sourceTree = "<group>"; };
		22A9E67120B0F00C0092E555 /* com.altura.app */ = {isa = PBXFileReference; explicitFileType = wrapper.application; includeInIndex = 0; path = com.altura.app; sourceTree = BUILT_PRODUCTS_DIR; };
		22A9E67420B0F00C0092E555 /* AppDelegate.swift */ = {isa = PBXFileReference; lastKnownFileType = sourcecode.swift; path = AppDelegate.swift; sourceTree = "<group>"; };
		22A9E67620B0F00C0092E555 /* ViewController.swift */ = {isa = PBXFileReference; lastKnownFileType = sourcecode.swift; path = ViewController.swift; sourceTree = "<group>"; };
		22A9E67920B0F00C0092E555 /* Base */ = {isa = PBXFileReference; lastKnownFileType = file.storyboard; name = Base; path = Base.lproj/Main.storyboard; sourceTree = "<group>"; };
		22A9E67B20B0F00E0092E555 /* Assets.xcassets */ = {isa = PBXFileReference; lastKnownFileType = folder.assetcatalog; path = Assets.xcassets; sourceTree = "<group>"; };
		22A9E67E20B0F00E0092E555 /* Base */ = {isa = PBXFileReference; lastKnownFileType = file.storyboard; name = Base; path = Base.lproj/LaunchScreen.storyboard; sourceTree = "<group>"; };
		22A9E68020B0F00E0092E555 /* Info.plist */ = {isa = PBXFileReference; lastKnownFileType = text.plist.xml; path = Info.plist; sourceTree = "<group>"; };
		22A9E68520B0F00E0092E555 /* com.alturaTests.xctest */ = {isa = PBXFileReference; explicitFileType = wrapper.cfbundle; includeInIndex = 0; path = com.alturaTests.xctest; sourceTree = BUILT_PRODUCTS_DIR; };
		22A9E68920B0F00E0092E555 /* com_alturaTests.swift */ = {isa = PBXFileReference; lastKnownFileType = sourcecode.swift; path = com_alturaTests.swift; sourceTree = "<group>"; };
		22A9E68B20B0F00E0092E555 /* Info.plist */ = {isa = PBXFileReference; lastKnownFileType = text.plist.xml; path = Info.plist; sourceTree = "<group>"; };
		22A9E69020B0F00E0092E555 /* com.alturaUITests.xctest */ = {isa = PBXFileReference; explicitFileType = wrapper.cfbundle; includeInIndex = 0; path = com.alturaUITests.xctest; sourceTree = BUILT_PRODUCTS_DIR; };
		22A9E69420B0F00E0092E555 /* com_alturaUITests.swift */ = {isa = PBXFileReference; lastKnownFileType = sourcecode.swift; path = com_alturaUITests.swift; sourceTree = "<group>"; };
		22A9E69620B0F00E0092E555 /* Info.plist */ = {isa = PBXFileReference; lastKnownFileType = text.plist.xml; path = Info.plist; sourceTree = "<group>"; };
		22A9E6A220B0F1530092E555 /* SQLite.xcodeproj */ = {isa = PBXFileReference; lastKnownFileType = "wrapper.pb-project"; name = SQLite.xcodeproj; path = "../SQLite.swift-master/SQLite.xcodeproj"; sourceTree = "<group>"; };
		22A9E6C720B0FB450092E555 /* RegisterController.swift */ = {isa = PBXFileReference; lastKnownFileType = sourcecode.swift; path = RegisterController.swift; sourceTree = "<group>"; };
		22A9E6C920B0FB580092E555 /* RegisterSecondController.swift */ = {isa = PBXFileReference; lastKnownFileType = sourcecode.swift; path = RegisterSecondController.swift; sourceTree = "<group>"; };
		285946791D70D0170180E5A6 /* Pods-com.altura.debug.xcconfig */ = {isa = PBXFileReference; includeInIndex = 1; lastKnownFileType = text.xcconfig; name = "Pods-com.altura.debug.xcconfig"; path = "Pods/Target Support Files/Pods-com.altura/Pods-com.altura.debug.xcconfig"; sourceTree = "<group>"; };
		4B40B132115B7728717FC549 /* Pods-com.alturaUITests.release.xcconfig */ = {isa = PBXFileReference; includeInIndex = 1; lastKnownFileType = text.xcconfig; name = "Pods-com.alturaUITests.release.xcconfig"; path = "Pods/Target Support Files/Pods-com.alturaUITests/Pods-com.alturaUITests.release.xcconfig"; sourceTree = "<group>"; };
		60B27FDD74928DBB538F9A3F /* Pods-com.altura.release.xcconfig */ = {isa = PBXFileReference; includeInIndex = 1; lastKnownFileType = text.xcconfig; name = "Pods-com.altura.release.xcconfig"; path = "Pods/Target Support Files/Pods-com.altura/Pods-com.altura.release.xcconfig"; sourceTree = "<group>"; };
		68D1502CEE0946CFA3899161 /* Pods_com_alturaUITests.framework */ = {isa = PBXFileReference; explicitFileType = wrapper.framework; includeInIndex = 0; path = Pods_com_alturaUITests.framework; sourceTree = BUILT_PRODUCTS_DIR; };
		6FD02E28B4A4C33542244656 /* Pods_com_altura.framework */ = {isa = PBXFileReference; explicitFileType = wrapper.framework; includeInIndex = 0; path = Pods_com_altura.framework; sourceTree = BUILT_PRODUCTS_DIR; };
		AD04EB6EB4DE2B96EA077F75 /* Pods_com_alturaTests.framework */ = {isa = PBXFileReference; explicitFileType = wrapper.framework; includeInIndex = 0; path = Pods_com_alturaTests.framework; sourceTree = BUILT_PRODUCTS_DIR; };
		CD52E49F0E008705186B2EB1 /* Pods-com.alturaTests.debug.xcconfig */ = {isa = PBXFileReference; includeInIndex = 1; lastKnownFileType = text.xcconfig; name = "Pods-com.alturaTests.debug.xcconfig"; path = "Pods/Target Support Files/Pods-com.alturaTests/Pods-com.alturaTests.debug.xcconfig"; sourceTree = "<group>"; };
		E3F75EA6EC4F5AA9CC7FC3F8 /* Pods-com.alturaTests.release.xcconfig */ = {isa = PBXFileReference; includeInIndex = 1; lastKnownFileType = text.xcconfig; name = "Pods-com.alturaTests.release.xcconfig"; path = "Pods/Target Support Files/Pods-com.alturaTests/Pods-com.alturaTests.release.xcconfig"; sourceTree = "<group>"; };
		F40982D73DFC76D4954884BF /* Pods-com.alturaUITests.debug.xcconfig */ = {isa = PBXFileReference; includeInIndex = 1; lastKnownFileType = text.xcconfig; name = "Pods-com.alturaUITests.debug.xcconfig"; path = "Pods/Target Support Files/Pods-com.alturaUITests/Pods-com.alturaUITests.debug.xcconfig"; sourceTree = "<group>"; };
/* End PBXFileReference section */

/* Begin PBXFrameworksBuildPhase section */
		22A9E66E20B0F00C0092E555 /* Frameworks */ = {
			isa = PBXFrameworksBuildPhase;
			buildActionMask = 2147483647;
			files = (
				22A9E6BA20B0F1670092E555 /* SQLite.framework in Frameworks */,
				22A9E6BB20B0F1710092E555 /* SQLite.framework in Frameworks */,
			);
			runOnlyForDeploymentPostprocessing = 0;
		};
		22A9E68220B0F00E0092E555 /* Frameworks */ = {
			isa = PBXFrameworksBuildPhase;
			buildActionMask = 2147483647;
			files = (
				244251CE80250B1BABDF6024 /* Pods_com_alturaTests.framework in Frameworks */,
			);
			runOnlyForDeploymentPostprocessing = 0;
		};
		22A9E68D20B0F00E0092E555 /* Frameworks */ = {
			isa = PBXFrameworksBuildPhase;
			buildActionMask = 2147483647;
			files = (
				8DC85133A78B2ACAC48F3564 /* Pods_com_alturaUITests.framework in Frameworks */,
			);
			runOnlyForDeploymentPostprocessing = 0;
		};
/* End PBXFrameworksBuildPhase section */

/* Begin PBXGroup section */
		22A9E66820B0F00C0092E555 = {
			isa = PBXGroup;
			children = (
				22A9E67320B0F00C0092E555 /* com.altura */,
				22A9E68820B0F00E0092E555 /* com.alturaTests */,
				22A9E69320B0F00E0092E555 /* com.alturaUITests */,
				22A9E67220B0F00C0092E555 /* Products */,
				22A9E6A220B0F1530092E555 /* SQLite.xcodeproj */,
				2D5F57DB861FFAF5AE539C06 /* Pods */,
				8A69A1C968961235C898160F /* Frameworks */,
			);
			sourceTree = "<group>";
		};
		22A9E67220B0F00C0092E555 /* Products */ = {
			isa = PBXGroup;
			children = (
				22A9E67120B0F00C0092E555 /* com.altura.app */,
				22A9E68520B0F00E0092E555 /* com.alturaTests.xctest */,
				22A9E69020B0F00E0092E555 /* com.alturaUITests.xctest */,
			);
			name = Products;
			sourceTree = "<group>";
		};
		22A9E67320B0F00C0092E555 /* com.altura */ = {
			isa = PBXGroup;
			children = (
				22A9E67420B0F00C0092E555 /* AppDelegate.swift */,
				22A9E67620B0F00C0092E555 /* ViewController.swift */,
				22A9E6C720B0FB450092E555 /* RegisterController.swift */,
				22A9E6C920B0FB580092E555 /* RegisterSecondController.swift */,
				22A9E67820B0F00C0092E555 /* Main.storyboard */,
				22A9E67B20B0F00E0092E555 /* Assets.xcassets */,
				22A9E67D20B0F00E0092E555 /* LaunchScreen.storyboard */,
				22A9E68020B0F00E0092E555 /* Info.plist */,
				225772F120B25E85006CFB3B /* IndexController.swift */,
				225772F320B26AC6006CFB3B /* MainNavigationController.swift */,
				225772F720B3C841006CFB3B /* CustomCollectionViewCell.swift */,
				225772F920B3C8BB006CFB3B /* FirstOptionViewController.swift */,
				221CC55720BBA4EA00CFC265 /* SecondViewController.swift */,
			);
			path = com.altura;
			sourceTree = "<group>";
		};
		22A9E68820B0F00E0092E555 /* com.alturaTests */ = {
			isa = PBXGroup;
			children = (
				22A9E68920B0F00E0092E555 /* com_alturaTests.swift */,
				22A9E68B20B0F00E0092E555 /* Info.plist */,
			);
			path = com.alturaTests;
			sourceTree = "<group>";
		};
		22A9E69320B0F00E0092E555 /* com.alturaUITests */ = {
			isa = PBXGroup;
			children = (
				22A9E69420B0F00E0092E555 /* com_alturaUITests.swift */,
				22A9E69620B0F00E0092E555 /* Info.plist */,
			);
			path = com.alturaUITests;
			sourceTree = "<group>";
		};
		22A9E6A320B0F1530092E555 /* Products */ = {
			isa = PBXGroup;
			children = (
				22A9E6AD20B0F1530092E555 /* SQLite.framework */,
				22A9E6AF20B0F1530092E555 /* SQLiteTests iOS.xctest */,
				22A9E6B120B0F1530092E555 /* SQLite.framework */,
				22A9E6B320B0F1530092E555 /* SQLiteTests Mac.xctest */,
				22A9E6B520B0F1530092E555 /* SQLite.framework */,
				22A9E6B720B0F1530092E555 /* SQLiteTests tvOS.xctest */,
				22A9E6B920B0F1530092E555 /* SQLite.framework */,
			);
			name = Products;
			sourceTree = "<group>";
		};
		2D5F57DB861FFAF5AE539C06 /* Pods */ = {
			isa = PBXGroup;
			children = (
				285946791D70D0170180E5A6 /* Pods-com.altura.debug.xcconfig */,
				60B27FDD74928DBB538F9A3F /* Pods-com.altura.release.xcconfig */,
				CD52E49F0E008705186B2EB1 /* Pods-com.alturaTests.debug.xcconfig */,
				E3F75EA6EC4F5AA9CC7FC3F8 /* Pods-com.alturaTests.release.xcconfig */,
				F40982D73DFC76D4954884BF /* Pods-com.alturaUITests.debug.xcconfig */,
				4B40B132115B7728717FC549 /* Pods-com.alturaUITests.release.xcconfig */,
			);
			name = Pods;
			sourceTree = "<group>";
		};
		8A69A1C968961235C898160F /* Frameworks */ = {
			isa = PBXGroup;
			children = (
				6FD02E28B4A4C33542244656 /* Pods_com_altura.framework */,
				AD04EB6EB4DE2B96EA077F75 /* Pods_com_alturaTests.framework */,
				68D1502CEE0946CFA3899161 /* Pods_com_alturaUITests.framework */,
			);
			name = Frameworks;
			sourceTree = "<group>";
		};
/* End PBXGroup section */

/* Begin PBXNativeTarget section */
		22A9E67020B0F00C0092E555 /* com.altura */ = {
			isa = PBXNativeTarget;
			buildConfigurationList = 22A9E69920B0F00E0092E555 /* Build configuration list for PBXNativeTarget "com.altura" */;
			buildPhases = (
				1464B8C92F6A9B8B7B99ACA7 /* [CP] Check Pods Manifest.lock */,
				22A9E66D20B0F00C0092E555 /* Sources */,
				22A9E66E20B0F00C0092E555 /* Frameworks */,
				22A9E66F20B0F00C0092E555 /* Resources */,
				1C2B0305C1493E17290DC0ED /* [CP] Embed Pods Frameworks */,
				22A9E6BF20B0F1710092E555 /* Embed Frameworks */,
				4C5FBF73B16E8746F9421516 /* [CP] Copy Pods Resources */,
			);
			buildRules = (
			);
			dependencies = (
				22A9E6BE20B0F1710092E555 /* PBXTargetDependency */,
			);
			name = com.altura;
			productName = com.altura;
			productReference = 22A9E67120B0F00C0092E555 /* com.altura.app */;
			productType = "com.apple.product-type.application";
		};
		22A9E68420B0F00E0092E555 /* com.alturaTests */ = {
			isa = PBXNativeTarget;
			buildConfigurationList = 22A9E69C20B0F00E0092E555 /* Build configuration list for PBXNativeTarget "com.alturaTests" */;
			buildPhases = (
				5DEAB9BAB3DA69461D766058 /* [CP] Check Pods Manifest.lock */,
				22A9E68120B0F00E0092E555 /* Sources */,
				22A9E68220B0F00E0092E555 /* Frameworks */,
				22A9E68320B0F00E0092E555 /* Resources */,
			);
			buildRules = (
			);
			dependencies = (
				22A9E68720B0F00E0092E555 /* PBXTargetDependency */,
			);
			name = com.alturaTests;
			productName = com.alturaTests;
			productReference = 22A9E68520B0F00E0092E555 /* com.alturaTests.xctest */;
			productType = "com.apple.product-type.bundle.unit-test";
		};
		22A9E68F20B0F00E0092E555 /* com.alturaUITests */ = {
			isa = PBXNativeTarget;
			buildConfigurationList = 22A9E69F20B0F00E0092E555 /* Build configuration list for PBXNativeTarget "com.alturaUITests" */;
			buildPhases = (
				03CA113E60EC322D12227711 /* [CP] Check Pods Manifest.lock */,
				22A9E68C20B0F00E0092E555 /* Sources */,
				22A9E68D20B0F00E0092E555 /* Frameworks */,
				22A9E68E20B0F00E0092E555 /* Resources */,
			);
			buildRules = (
			);
			dependencies = (
				22A9E69220B0F00E0092E555 /* PBXTargetDependency */,
			);
			name = com.alturaUITests;
			productName = com.alturaUITests;
			productReference = 22A9E69020B0F00E0092E555 /* com.alturaUITests.xctest */;
			productType = "com.apple.product-type.bundle.ui-testing";
		};
/* End PBXNativeTarget section */

/* Begin PBXProject section */
		22A9E66920B0F00C0092E555 /* Project object */ = {
			isa = PBXProject;
			attributes = {
				LastSwiftUpdateCheck = 0930;
				LastUpgradeCheck = 0930;
				ORGANIZATIONNAME = "Altura S.A.";
				TargetAttributes = {
					22A9E67020B0F00C0092E555 = {
						CreatedOnToolsVersion = 9.3.1;
					};
					22A9E68420B0F00E0092E555 = {
						CreatedOnToolsVersion = 9.3.1;
						TestTargetID = 22A9E67020B0F00C0092E555;
					};
					22A9E68F20B0F00E0092E555 = {
						CreatedOnToolsVersion = 9.3.1;
						TestTargetID = 22A9E67020B0F00C0092E555;
					};
				};
			};
			buildConfigurationList = 22A9E66C20B0F00C0092E555 /* Build configuration list for PBXProject "com.altura" */;
			compatibilityVersion = "Xcode 9.3";
			developmentRegion = en;
			hasScannedForEncodings = 0;
			knownRegions = (
				en,
				Base,
			);
			mainGroup = 22A9E66820B0F00C0092E555;
			productRefGroup = 22A9E67220B0F00C0092E555 /* Products */;
			projectDirPath = "";
			projectReferences = (
				{
					ProductGroup = 22A9E6A320B0F1530092E555 /* Products */;
					ProjectRef = 22A9E6A220B0F1530092E555 /* SQLite.xcodeproj */;
				},
			);
			projectRoot = "";
			targets = (
				22A9E67020B0F00C0092E555 /* com.altura */,
				22A9E68420B0F00E0092E555 /* com.alturaTests */,
				22A9E68F20B0F00E0092E555 /* com.alturaUITests */,
			);
		};
/* End PBXProject section */

/* Begin PBXReferenceProxy section */
		22A9E6AD20B0F1530092E555 /* SQLite.framework */ = {
			isa = PBXReferenceProxy;
			fileType = wrapper.framework;
			path = SQLite.framework;
			remoteRef = 22A9E6AC20B0F1530092E555 /* PBXContainerItemProxy */;
			sourceTree = BUILT_PRODUCTS_DIR;
		};
		22A9E6AF20B0F1530092E555 /* SQLiteTests iOS.xctest */ = {
			isa = PBXReferenceProxy;
			fileType = wrapper.cfbundle;
			path = "SQLiteTests iOS.xctest";
			remoteRef = 22A9E6AE20B0F1530092E555 /* PBXContainerItemProxy */;
			sourceTree = BUILT_PRODUCTS_DIR;
		};
		22A9E6B120B0F1530092E555 /* SQLite.framework */ = {
			isa = PBXReferenceProxy;
			fileType = wrapper.framework;
			path = SQLite.framework;
			remoteRef = 22A9E6B020B0F1530092E555 /* PBXContainerItemProxy */;
			sourceTree = BUILT_PRODUCTS_DIR;
		};
		22A9E6B320B0F1530092E555 /* SQLiteTests Mac.xctest */ = {
			isa = PBXReferenceProxy;
			fileType = wrapper.cfbundle;
			path = "SQLiteTests Mac.xctest";
			remoteRef = 22A9E6B220B0F1530092E555 /* PBXContainerItemProxy */;
			sourceTree = BUILT_PRODUCTS_DIR;
		};
		22A9E6B520B0F1530092E555 /* SQLite.framework */ = {
			isa = PBXReferenceProxy;
			fileType = wrapper.framework;
			path = SQLite.framework;
			remoteRef = 22A9E6B420B0F1530092E555 /* PBXContainerItemProxy */;
			sourceTree = BUILT_PRODUCTS_DIR;
		};
		22A9E6B720B0F1530092E555 /* SQLiteTests tvOS.xctest */ = {
			isa = PBXReferenceProxy;
			fileType = wrapper.cfbundle;
			path = "SQLiteTests tvOS.xctest";
			remoteRef = 22A9E6B620B0F1530092E555 /* PBXContainerItemProxy */;
			sourceTree = BUILT_PRODUCTS_DIR;
		};
		22A9E6B920B0F1530092E555 /* SQLite.framework */ = {
			isa = PBXReferenceProxy;
			fileType = wrapper.framework;
			path = SQLite.framework;
			remoteRef = 22A9E6B820B0F1530092E555 /* PBXContainerItemProxy */;
			sourceTree = BUILT_PRODUCTS_DIR;
		};
/* End PBXReferenceProxy section */

/* Begin PBXResourcesBuildPhase section */
		22A9E66F20B0F00C0092E555 /* Resources */ = {
			isa = PBXResourcesBuildPhase;
			buildActionMask = 2147483647;
			files = (
				22A9E67F20B0F00E0092E555 /* LaunchScreen.storyboard in Resources */,
				22A9E67C20B0F00E0092E555 /* Assets.xcassets in Resources */,
				22A9E67A20B0F00C0092E555 /* Main.storyboard in Resources */,
			);
			runOnlyForDeploymentPostprocessing = 0;
		};
		22A9E68320B0F00E0092E555 /* Resources */ = {
			isa = PBXResourcesBuildPhase;
			buildActionMask = 2147483647;
			files = (
			);
			runOnlyForDeploymentPostprocessing = 0;
		};
		22A9E68E20B0F00E0092E555 /* Resources */ = {
			isa = PBXResourcesBuildPhase;
			buildActionMask = 2147483647;
			files = (
			);
			runOnlyForDeploymentPostprocessing = 0;
		};
/* End PBXResourcesBuildPhase section */

/* Begin PBXShellScriptBuildPhase section */
		03CA113E60EC322D12227711 /* [CP] Check Pods Manifest.lock */ = {
			isa = PBXShellScriptBuildPhase;
			buildActionMask = 2147483647;
			files = (
			);
			inputPaths = (
				"${PODS_PODFILE_DIR_PATH}/Podfile.lock",
				"${PODS_ROOT}/Manifest.lock",
			);
			name = "[CP] Check Pods Manifest.lock";
			outputPaths = (
				"$(DERIVED_FILE_DIR)/Pods-com.alturaUITests-checkManifestLockResult.txt",
			);
			runOnlyForDeploymentPostprocessing = 0;
			shellPath = /bin/sh;
			shellScript = "diff \"${PODS_PODFILE_DIR_PATH}/Podfile.lock\" \"${PODS_ROOT}/Manifest.lock\" > /dev/null\nif [ $? != 0 ] ; then\n    # print error to STDERR\n    echo \"error: The sandbox is not in sync with the Podfile.lock. Run 'pod install' or update your CocoaPods installation.\" >&2\n    exit 1\nfi\n# This output is used by Xcode 'outputs' to avoid re-running this script phase.\necho \"SUCCESS\" > \"${SCRIPT_OUTPUT_FILE_0}\"\n";
			showEnvVarsInLog = 0;
		};
		1464B8C92F6A9B8B7B99ACA7 /* [CP] Check Pods Manifest.lock */ = {
			isa = PBXShellScriptBuildPhase;
			buildActionMask = 2147483647;
			files = (
			);
			inputPaths = (
				"${PODS_PODFILE_DIR_PATH}/Podfile.lock",
				"${PODS_ROOT}/Manifest.lock",
			);
			name = "[CP] Check Pods Manifest.lock";
			outputPaths = (
				"$(DERIVED_FILE_DIR)/Pods-com.altura-checkManifestLockResult.txt",
			);
			runOnlyForDeploymentPostprocessing = 0;
			shellPath = /bin/sh;
			shellScript = "diff \"${PODS_PODFILE_DIR_PATH}/Podfile.lock\" \"${PODS_ROOT}/Manifest.lock\" > /dev/null\nif [ $? != 0 ] ; then\n    # print error to STDERR\n    echo \"error: The sandbox is not in sync with the Podfile.lock. Run 'pod install' or update your CocoaPods installation.\" >&2\n    exit 1\nfi\n# This output is used by Xcode 'outputs' to avoid re-running this script phase.\necho \"SUCCESS\" > \"${SCRIPT_OUTPUT_FILE_0}\"\n";
			showEnvVarsInLog = 0;
		};
		1C2B0305C1493E17290DC0ED /* [CP] Embed Pods Frameworks */ = {
			isa = PBXShellScriptBuildPhase;
			buildActionMask = 2147483647;
			files = (
			);
			inputPaths = (
				"${SRCROOT}/Pods/Target Support Files/Pods-com.altura/Pods-com.altura-frameworks.sh",
				"${BUILT_PRODUCTS_DIR}/SQLite.swift/SQLite.framework",
			);
			name = "[CP] Embed Pods Frameworks";
			outputPaths = (
				"${TARGET_BUILD_DIR}/${FRAMEWORKS_FOLDER_PATH}/SQLite.framework",
			);
			runOnlyForDeploymentPostprocessing = 0;
			shellPath = /bin/sh;
			shellScript = "\"${SRCROOT}/Pods/Target Support Files/Pods-com.altura/Pods-com.altura-frameworks.sh\"\n";
			showEnvVarsInLog = 0;
		};
		4C5FBF73B16E8746F9421516 /* [CP] Copy Pods Resources */ = {
			isa = PBXShellScriptBuildPhase;
			buildActionMask = 2147483647;
			files = (
			);
			inputPaths = (
				"${SRCROOT}/Pods/Target Support Files/Pods-com.altura/Pods-com.altura-resources.sh",
				"${PODS_ROOT}/GoogleMaps/Maps/Frameworks/GoogleMaps.framework/Resources/GoogleMaps.bundle",
				"${PODS_ROOT}/GooglePlaces/Frameworks/GooglePlaces.framework/Resources/GooglePlaces.bundle",
			);
			name = "[CP] Copy Pods Resources";
			outputPaths = (
				"${TARGET_BUILD_DIR}/${UNLOCALIZED_RESOURCES_FOLDER_PATH}/GoogleMaps.bundle",
				"${TARGET_BUILD_DIR}/${UNLOCALIZED_RESOURCES_FOLDER_PATH}/GooglePlaces.bundle",
			);
			runOnlyForDeploymentPostprocessing = 0;
			shellPath = /bin/sh;
			shellScript = "\"${SRCROOT}/Pods/Target Support Files/Pods-com.altura/Pods-com.altura-resources.sh\"\n";
			showEnvVarsInLog = 0;
		};
		5DEAB9BAB3DA69461D766058 /* [CP] Check Pods Manifest.lock */ = {
			isa = PBXShellScriptBuildPhase;
			buildActionMask = 2147483647;
			files = (
			);
			inputPaths = (
				"${PODS_PODFILE_DIR_PATH}/Podfile.lock",
				"${PODS_ROOT}/Manifest.lock",
			);
			name = "[CP] Check Pods Manifest.lock";
			outputPaths = (
				"$(DERIVED_FILE_DIR)/Pods-com.alturaTests-checkManifestLockResult.txt",
			);
			runOnlyForDeploymentPostprocessing = 0;
			shellPath = /bin/sh;
			shellScript = "diff \"${PODS_PODFILE_DIR_PATH}/Podfile.lock\" \"${PODS_ROOT}/Manifest.lock\" > /dev/null\nif [ $? != 0 ] ; then\n    # print error to STDERR\n    echo \"error: The sandbox is not in sync with the Podfile.lock. Run 'pod install' or update your CocoaPods installation.\" >&2\n    exit 1\nfi\n# This output is used by Xcode 'outputs' to avoid re-running this script phase.\necho \"SUCCESS\" > \"${SCRIPT_OUTPUT_FILE_0}\"\n";
			showEnvVarsInLog = 0;
		};
/* End PBXShellScriptBuildPhase section */

/* Begin PBXSourcesBuildPhase section */
		22A9E66D20B0F00C0092E555 /* Sources */ = {
			isa = PBXSourcesBuildPhase;
			buildActionMask = 2147483647;
			files = (
				225772F420B26AC6006CFB3B /* MainNavigationController.swift in Sources */,
				225772F820B3C841006CFB3B /* CustomCollectionViewCell.swift in Sources */,
				225772FA20B3C8BB006CFB3B /* FirstOptionViewController.swift in Sources */,
				221CC55820BBA4EA00CFC265 /* SecondViewController.swift in Sources */,
				22A9E67720B0F00C0092E555 /* ViewController.swift in Sources */,
				22A9E67520B0F00C0092E555 /* AppDelegate.swift in Sources */,
				22A9E6CA20B0FB580092E555 /* RegisterSecondController.swift in Sources */,
				22A9E6C820B0FB450092E555 /* RegisterController.swift in Sources */,
				225772F220B25E85006CFB3B /* IndexController.swift in Sources */,
			);
			runOnlyForDeploymentPostprocessing = 0;
		};
		22A9E68120B0F00E0092E555 /* Sources */ = {
			isa = PBXSourcesBuildPhase;
			buildActionMask = 2147483647;
			files = (
				22A9E68A20B0F00E0092E555 /* com_alturaTests.swift in Sources */,
			);
			runOnlyForDeploymentPostprocessing = 0;
		};
		22A9E68C20B0F00E0092E555 /* Sources */ = {
			isa = PBXSourcesBuildPhase;
			buildActionMask = 2147483647;
			files = (
				22A9E69520B0F00E0092E555 /* com_alturaUITests.swift in Sources */,
			);
			runOnlyForDeploymentPostprocessing = 0;
		};
/* End PBXSourcesBuildPhase section */

/* Begin PBXTargetDependency section */
		22A9E68720B0F00E0092E555 /* PBXTargetDependency */ = {
			isa = PBXTargetDependency;
			target = 22A9E67020B0F00C0092E555 /* com.altura */;
			targetProxy = 22A9E68620B0F00E0092E555 /* PBXContainerItemProxy */;
		};
		22A9E69220B0F00E0092E555 /* PBXTargetDependency */ = {
			isa = PBXTargetDependency;
			target = 22A9E67020B0F00C0092E555 /* com.altura */;
			targetProxy = 22A9E69120B0F00E0092E555 /* PBXContainerItemProxy */;
		};
		22A9E6BE20B0F1710092E555 /* PBXTargetDependency */ = {
			isa = PBXTargetDependency;
			name = "SQLite iOS";
			targetProxy = 22A9E6BD20B0F1710092E555 /* PBXContainerItemProxy */;
		};
/* End PBXTargetDependency section */

/* Begin PBXVariantGroup section */
		22A9E67820B0F00C0092E555 /* Main.storyboard */ = {
			isa = PBXVariantGroup;
			children = (
				22A9E67920B0F00C0092E555 /* Base */,
			);
			name = Main.storyboard;
			sourceTree = "<group>";
		};
		22A9E67D20B0F00E0092E555 /* LaunchScreen.storyboard */ = {
			isa = PBXVariantGroup;
			children = (
				22A9E67E20B0F00E0092E555 /* Base */,
			);
			name = LaunchScreen.storyboard;
			sourceTree = "<group>";
		};
/* End PBXVariantGroup section */

/* Begin XCBuildConfiguration section */
		22A9E69720B0F00E0092E555 /* Debug */ = {
			isa = XCBuildConfiguration;
			buildSettings = {
				ALWAYS_SEARCH_USER_PATHS = NO;
				CLANG_ANALYZER_NONNULL = YES;
				CLANG_ANALYZER_NUMBER_OBJECT_CONVERSION = YES_AGGRESSIVE;
				CLANG_CXX_LANGUAGE_STANDARD = "gnu++14";
				CLANG_CXX_LIBRARY = "libc++";
				CLANG_ENABLE_MODULES = YES;
				CLANG_ENABLE_OBJC_ARC = YES;
				CLANG_ENABLE_OBJC_WEAK = YES;
				CLANG_WARN_BLOCK_CAPTURE_AUTORELEASING = YES;
				CLANG_WARN_BOOL_CONVERSION = YES;
				CLANG_WARN_COMMA = YES;
				CLANG_WARN_CONSTANT_CONVERSION = YES;
				CLANG_WARN_DEPRECATED_OBJC_IMPLEMENTATIONS = YES;
				CLANG_WARN_DIRECT_OBJC_ISA_USAGE = YES_ERROR;
				CLANG_WARN_DOCUMENTATION_COMMENTS = YES;
				CLANG_WARN_EMPTY_BODY = YES;
				CLANG_WARN_ENUM_CONVERSION = YES;
				CLANG_WARN_INFINITE_RECURSION = YES;
				CLANG_WARN_INT_CONVERSION = YES;
				CLANG_WARN_NON_LITERAL_NULL_CONVERSION = YES;
				CLANG_WARN_OBJC_IMPLICIT_RETAIN_SELF = YES;
				CLANG_WARN_OBJC_LITERAL_CONVERSION = YES;
				CLANG_WARN_OBJC_ROOT_CLASS = YES_ERROR;
				CLANG_WARN_RANGE_LOOP_ANALYSIS = YES;
				CLANG_WARN_STRICT_PROTOTYPES = YES;
				CLANG_WARN_SUSPICIOUS_MOVE = YES;
				CLANG_WARN_UNGUARDED_AVAILABILITY = YES_AGGRESSIVE;
				CLANG_WARN_UNREACHABLE_CODE = YES;
				CLANG_WARN__DUPLICATE_METHOD_MATCH = YES;
				CODE_SIGN_IDENTITY = "iPhone Developer";
				COPY_PHASE_STRIP = NO;
				DEBUG_INFORMATION_FORMAT = dwarf;
				ENABLE_STRICT_OBJC_MSGSEND = YES;
				ENABLE_TESTABILITY = YES;
				GCC_C_LANGUAGE_STANDARD = gnu11;
				GCC_DYNAMIC_NO_PIC = NO;
				GCC_NO_COMMON_BLOCKS = YES;
				GCC_OPTIMIZATION_LEVEL = 0;
				GCC_PREPROCESSOR_DEFINITIONS = (
					"DEBUG=1",
					"$(inherited)",
				);
				GCC_WARN_64_TO_32_BIT_CONVERSION = YES;
				GCC_WARN_ABOUT_RETURN_TYPE = YES_ERROR;
				GCC_WARN_UNDECLARED_SELECTOR = YES;
				GCC_WARN_UNINITIALIZED_AUTOS = YES_AGGRESSIVE;
				GCC_WARN_UNUSED_FUNCTION = YES;
				GCC_WARN_UNUSED_VARIABLE = YES;
				IPHONEOS_DEPLOYMENT_TARGET = 11.3;
				MTL_ENABLE_DEBUG_INFO = YES;
				ONLY_ACTIVE_ARCH = YES;
				SDKROOT = iphoneos;
				SWIFT_ACTIVE_COMPILATION_CONDITIONS = DEBUG;
				SWIFT_OPTIMIZATION_LEVEL = "-Onone";
			};
			name = Debug;
		};
		22A9E69820B0F00E0092E555 /* Release */ = {
			isa = XCBuildConfiguration;
			buildSettings = {
				ALWAYS_SEARCH_USER_PATHS = NO;
				CLANG_ANALYZER_NONNULL = YES;
				CLANG_ANALYZER_NUMBER_OBJECT_CONVERSION = YES_AGGRESSIVE;
				CLANG_CXX_LANGUAGE_STANDARD = "gnu++14";
				CLANG_CXX_LIBRARY = "libc++";
				CLANG_ENABLE_MODULES = YES;
				CLANG_ENABLE_OBJC_ARC = YES;
				CLANG_ENABLE_OBJC_WEAK = YES;
				CLANG_WARN_BLOCK_CAPTURE_AUTORELEASING = YES;
				CLANG_WARN_BOOL_CONVERSION = YES;
				CLANG_WARN_COMMA = YES;
				CLANG_WARN_CONSTANT_CONVERSION = YES;
				CLANG_WARN_DEPRECATED_OBJC_IMPLEMENTATIONS = YES;
				CLANG_WARN_DIRECT_OBJC_ISA_USAGE = YES_ERROR;
				CLANG_WARN_DOCUMENTATION_COMMENTS = YES;
				CLANG_WARN_EMPTY_BODY = YES;
				CLANG_WARN_ENUM_CONVERSION = YES;
				CLANG_WARN_INFINITE_RECURSION = YES;
				CLANG_WARN_INT_CONVERSION = YES;
				CLANG_WARN_NON_LITERAL_NULL_CONVERSION = YES;
				CLANG_WARN_OBJC_IMPLICIT_RETAIN_SELF = YES;
				CLANG_WARN_OBJC_LITERAL_CONVERSION = YES;
				CLANG_WARN_OBJC_ROOT_CLASS = YES_ERROR;
				CLANG_WARN_RANGE_LOOP_ANALYSIS = YES;
				CLANG_WARN_STRICT_PROTOTYPES = YES;
				CLANG_WARN_SUSPICIOUS_MOVE = YES;
				CLANG_WARN_UNGUARDED_AVAILABILITY = YES_AGGRESSIVE;
				CLANG_WARN_UNREACHABLE_CODE = YES;
				CLANG_WARN__DUPLICATE_METHOD_MATCH = YES;
				CODE_SIGN_IDENTITY = "iPhone Developer";
				COPY_PHASE_STRIP = NO;
				DEBUG_INFORMATION_FORMAT = "dwarf-with-dsym";
				ENABLE_NS_ASSERTIONS = NO;
				ENABLE_STRICT_OBJC_MSGSEND = YES;
				GCC_C_LANGUAGE_STANDARD = gnu11;
				GCC_NO_COMMON_BLOCKS = YES;
				GCC_WARN_64_TO_32_BIT_CONVERSION = YES;
				GCC_WARN_ABOUT_RETURN_TYPE = YES_ERROR;
				GCC_WARN_UNDECLARED_SELECTOR = YES;
				GCC_WARN_UNINITIALIZED_AUTOS = YES_AGGRESSIVE;
				GCC_WARN_UNUSED_FUNCTION = YES;
				GCC_WARN_UNUSED_VARIABLE = YES;
				IPHONEOS_DEPLOYMENT_TARGET = 11.3;
				MTL_ENABLE_DEBUG_INFO = NO;
				SDKROOT = iphoneos;
				SWIFT_COMPILATION_MODE = wholemodule;
				SWIFT_OPTIMIZATION_LEVEL = "-O";
				VALIDATE_PRODUCT = YES;
			};
			name = Release;
		};
		22A9E69A20B0F00E0092E555 /* Debug */ = {
			isa = XCBuildConfiguration;
			baseConfigurationReference = 285946791D70D0170180E5A6 /* Pods-com.altura.debug.xcconfig */;
			buildSettings = {
				ALWAYS_EMBED_SWIFT_STANDARD_LIBRARIES = YES;
				ASSETCATALOG_COMPILER_APPICON_NAME = AppIcon;
				CODE_SIGN_STYLE = Automatic;
				DEVELOPMENT_TEAM = JQS4797YPX;
				INFOPLIST_FILE = com.altura/Info.plist;
				LD_RUNPATH_SEARCH_PATHS = (
					"$(inherited)",
					"@executable_path/Frameworks",
				);
				PRODUCT_BUNDLE_IDENTIFIER = "com.altura.com-altura";
				PRODUCT_NAME = "$(TARGET_NAME)";
				SWIFT_VERSION = 4.0;
				TARGETED_DEVICE_FAMILY = "1,2";
			};
			name = Debug;
		};
		22A9E69B20B0F00E0092E555 /* Release */ = {
			isa = XCBuildConfiguration;
			baseConfigurationReference = 60B27FDD74928DBB538F9A3F /* Pods-com.altura.release.xcconfig */;
			buildSettings = {
				ALWAYS_EMBED_SWIFT_STANDARD_LIBRARIES = YES;
				ASSETCATALOG_COMPILER_APPICON_NAME = AppIcon;
				CODE_SIGN_STYLE = Automatic;
				DEVELOPMENT_TEAM = JQS4797YPX;
				INFOPLIST_FILE = com.altura/Info.plist;
				LD_RUNPATH_SEARCH_PATHS = (
					"$(inherited)",
					"@executable_path/Frameworks",
				);
				PRODUCT_BUNDLE_IDENTIFIER = "com.altura.com-altura";
				PRODUCT_NAME = "$(TARGET_NAME)";
				SWIFT_VERSION = 4.0;
				TARGETED_DEVICE_FAMILY = "1,2";
			};
			name = Release;
		};
		22A9E69D20B0F00E0092E555 /* Debug */ = {
			isa = XCBuildConfiguration;
			baseConfigurationReference = CD52E49F0E008705186B2EB1 /* Pods-com.alturaTests.debug.xcconfig */;
			buildSettings = {
				ALWAYS_EMBED_SWIFT_STANDARD_LIBRARIES = YES;
				BUNDLE_LOADER = "$(TEST_HOST)";
				CODE_SIGN_STYLE = Automatic;
				DEVELOPMENT_TEAM = JQS4797YPX;
				INFOPLIST_FILE = com.alturaTests/Info.plist;
				LD_RUNPATH_SEARCH_PATHS = (
					"$(inherited)",
					"@executable_path/Frameworks",
					"@loader_path/Frameworks",
				);
				PRODUCT_BUNDLE_IDENTIFIER = "com.altura.com-alturaTests";
				PRODUCT_NAME = "$(TARGET_NAME)";
				SWIFT_VERSION = 4.0;
				TARGETED_DEVICE_FAMILY = "1,2";
				TEST_HOST = "$(BUILT_PRODUCTS_DIR)/com.altura.app/com.altura";
			};
			name = Debug;
		};
		22A9E69E20B0F00E0092E555 /* Release */ = {
			isa = XCBuildConfiguration;
			baseConfigurationReference = E3F75EA6EC4F5AA9CC7FC3F8 /* Pods-com.alturaTests.release.xcconfig */;
			buildSettings = {
				ALWAYS_EMBED_SWIFT_STANDARD_LIBRARIES = YES;
				BUNDLE_LOADER = "$(TEST_HOST)";
				CODE_SIGN_STYLE = Automatic;
				DEVELOPMENT_TEAM = JQS4797YPX;
				INFOPLIST_FILE = com.alturaTests/Info.plist;
				LD_RUNPATH_SEARCH_PATHS = (
					"$(inherited)",
					"@executable_path/Frameworks",
					"@loader_path/Frameworks",
				);
				PRODUCT_BUNDLE_IDENTIFIER = "com.altura.com-alturaTests";
				PRODUCT_NAME = "$(TARGET_NAME)";
				SWIFT_VERSION = 4.0;
				TARGETED_DEVICE_FAMILY = "1,2";
				TEST_HOST = "$(BUILT_PRODUCTS_DIR)/com.altura.app/com.altura";
			};
			name = Release;
		};
		22A9E6A020B0F00E0092E555 /* Debug */ = {
			isa = XCBuildConfiguration;
			baseConfigurationReference = F40982D73DFC76D4954884BF /* Pods-com.alturaUITests.debug.xcconfig */;
			buildSettings = {
				ALWAYS_EMBED_SWIFT_STANDARD_LIBRARIES = YES;
				CODE_SIGN_STYLE = Automatic;
				DEVELOPMENT_TEAM = JQS4797YPX;
				INFOPLIST_FILE = com.alturaUITests/Info.plist;
				LD_RUNPATH_SEARCH_PATHS = (
					"$(inherited)",
					"@executable_path/Frameworks",
					"@loader_path/Frameworks",
				);
				PRODUCT_BUNDLE_IDENTIFIER = "com.altura.com-alturaUITests";
				PRODUCT_NAME = "$(TARGET_NAME)";
				SWIFT_VERSION = 4.0;
				TARGETED_DEVICE_FAMILY = "1,2";
				TEST_TARGET_NAME = com.altura;
			};
			name = Debug;
		};
		22A9E6A120B0F00E0092E555 /* Release */ = {
			isa = XCBuildConfiguration;
			baseConfigurationReference = 4B40B132115B7728717FC549 /* Pods-com.alturaUITests.release.xcconfig */;
			buildSettings = {
				ALWAYS_EMBED_SWIFT_STANDARD_LIBRARIES = YES;
				CODE_SIGN_STYLE = Automatic;
				DEVELOPMENT_TEAM = JQS4797YPX;
				INFOPLIST_FILE = com.alturaUITests/Info.plist;
				LD_RUNPATH_SEARCH_PATHS = (
					"$(inherited)",
					"@executable_path/Frameworks",
					"@loader_path/Frameworks",
				);
				PRODUCT_BUNDLE_IDENTIFIER = "com.altura.com-alturaUITests";
				PRODUCT_NAME = "$(TARGET_NAME)";
				SWIFT_VERSION = 4.0;
				TARGETED_DEVICE_FAMILY = "1,2";
				TEST_TARGET_NAME = com.altura;
			};
			name = Release;
		};
/* End XCBuildConfiguration section */

/* Begin XCConfigurationList section */
		22A9E66C20B0F00C0092E555 /* Build configuration list for PBXProject "com.altura" */ = {
			isa = XCConfigurationList;
			buildConfigurations = (
				22A9E69720B0F00E0092E555 /* Debug */,
				22A9E69820B0F00E0092E555 /* Release */,
			);
			defaultConfigurationIsVisible = 0;
			defaultConfigurationName = Release;
		};
		22A9E69920B0F00E0092E555 /* Build configuration list for PBXNativeTarget "com.altura" */ = {
			isa = XCConfigurationList;
			buildConfigurations = (
				22A9E69A20B0F00E0092E555 /* Debug */,
				22A9E69B20B0F00E0092E555 /* Release */,
			);
			defaultConfigurationIsVisible = 0;
			defaultConfigurationName = Release;
		};
		22A9E69C20B0F00E0092E555 /* Build configuration list for PBXNativeTarget "com.alturaTests" */ = {
			isa = XCConfigurationList;
			buildConfigurations = (
				22A9E69D20B0F00E0092E555 /* Debug */,
				22A9E69E20B0F00E0092E555 /* Release */,
			);
			defaultConfigurationIsVisible = 0;
			defaultConfigurationName = Release;
		};
		22A9E69F20B0F00E0092E555 /* Build configuration list for PBXNativeTarget "com.alturaUITests" */ = {
			isa = XCConfigurationList;
			buildConfigurations = (
				22A9E6A020B0F00E0092E555 /* Debug */,
				22A9E6A120B0F00E0092E555 /* Release */,
			);
			defaultConfigurationIsVisible = 0;
			defaultConfigurationName = Release;
		};
/* End XCConfigurationList section */
	};
	rootObject = 22A9E66920B0F00C0092E555 /* Project object */;
}
